// !$*UTF8*$!
{
	archiveVersion = 1;
	classes = {
	};
	objectVersion = 46;
	objects = {

/* Begin PBXBuildFile section */
		D51743AD191E2D5100EEC866 /* ZFJsonModel.m in Sources */ = {isa = PBXBuildFile; fileRef = D51743AC191E2D5100EEC866 /* ZFJsonModel.m */; };
		D525783E18D09F4600FA24EC /* check_mark.png in Resources */ = {isa = PBXBuildFile; fileRef = D525783818D09F4600FA24EC /* check_mark.png */; };
		D525783F18D09F4600FA24EC /* check_mark@2x.png in Resources */ = {isa = PBXBuildFile; fileRef = D525783918D09F4600FA24EC /* check_mark@2x.png */; };
		D525784018D09F4600FA24EC /* mb_error.png in Resources */ = {isa = PBXBuildFile; fileRef = D525783A18D09F4600FA24EC /* mb_error.png */; };
		D525784118D09F4600FA24EC /* mb_error@2x.png in Resources */ = {isa = PBXBuildFile; fileRef = D525783B18D09F4600FA24EC /* mb_error@2x.png */; };
		D525784218D09F4600FA24EC /* mb_warn.png in Resources */ = {isa = PBXBuildFile; fileRef = D525783C18D09F4600FA24EC /* mb_warn.png */; };
		D525784318D09F4600FA24EC /* mb_warn@2x.png in Resources */ = {isa = PBXBuildFile; fileRef = D525783D18D09F4600FA24EC /* mb_warn@2x.png */; };
		D525784F18D0A1DC00FA24EC /* HudUtils.m in Sources */ = {isa = PBXBuildFile; fileRef = D525784E18D0A1DC00FA24EC /* HudUtils.m */; };
		D525785418D0A23700FA24EC /* ZFTableViewController.m in Sources */ = {isa = PBXBuildFile; fileRef = D525785118D0A23700FA24EC /* ZFTableViewController.m */; };
		D525785518D0A23700FA24EC /* ZFViewController.m in Sources */ = {isa = PBXBuildFile; fileRef = D525785318D0A23700FA24EC /* ZFViewController.m */; };
		D528F2A118DEBA5C002C2562 /* AFDownloadRequestOperation.m in Sources */ = {isa = PBXBuildFile; fileRef = D528F28118DEBA5C002C2562 /* AFDownloadRequestOperation.m */; };
		D528F2A218DEBA5C002C2562 /* AFHTTPClient.m in Sources */ = {isa = PBXBuildFile; fileRef = D528F28318DEBA5C002C2562 /* AFHTTPClient.m */; };
		D528F2A318DEBA5C002C2562 /* AFHTTPRequestOperation.m in Sources */ = {isa = PBXBuildFile; fileRef = D528F28518DEBA5C002C2562 /* AFHTTPRequestOperation.m */; };
		D528F2A418DEBA5C002C2562 /* AFImageCache.m in Sources */ = {isa = PBXBuildFile; fileRef = D528F28718DEBA5C002C2562 /* AFImageCache.m */; };
		D528F2A518DEBA5C002C2562 /* AFImageRequestOperation.m in Sources */ = {isa = PBXBuildFile; fileRef = D528F28918DEBA5C002C2562 /* AFImageRequestOperation.m */; };
		D528F2A618DEBA5C002C2562 /* AFJSONRequestOperation.m in Sources */ = {isa = PBXBuildFile; fileRef = D528F28B18DEBA5C002C2562 /* AFJSONRequestOperation.m */; };
		D528F2A718DEBA5C002C2562 /* AFNetworkActivityIndicatorManager.m in Sources */ = {isa = PBXBuildFile; fileRef = D528F28D18DEBA5C002C2562 /* AFNetworkActivityIndicatorManager.m */; };
		D528F2A818DEBA5C002C2562 /* AFPropertyListRequestOperation.m in Sources */ = {isa = PBXBuildFile; fileRef = D528F29018DEBA5C002C2562 /* AFPropertyListRequestOperation.m */; };
		D528F2A918DEBA5C002C2562 /* AFURLConnectionOperation.m in Sources */ = {isa = PBXBuildFile; fileRef = D528F29218DEBA5C002C2562 /* AFURLConnectionOperation.m */; };
		D528F2AA18DEBA5C002C2562 /* AFXMLRequestOperation.m in Sources */ = {isa = PBXBuildFile; fileRef = D528F29418DEBA5C002C2562 /* AFXMLRequestOperation.m */; };
		D528F2AB18DEBA5C002C2562 /* CHANGES in Resources */ = {isa = PBXBuildFile; fileRef = D528F29518DEBA5C002C2562 /* CHANGES */; };
		D528F2AC18DEBA5C002C2562 /* UIButton+AFNetworking.m in Sources */ = {isa = PBXBuildFile; fileRef = D528F29718DEBA5C002C2562 /* UIButton+AFNetworking.m */; };
		D528F2AD18DEBA5C002C2562 /* UIImageView+AFNetworking.m in Sources */ = {isa = PBXBuildFile; fileRef = D528F29918DEBA5C002C2562 /* UIImageView+AFNetworking.m */; };
		D528F2AE18DEBA5C002C2562 /* Base64.m in Sources */ = {isa = PBXBuildFile; fileRef = D528F29C18DEBA5C002C2562 /* Base64.m */; };
		D528F2AF18DEBA5C002C2562 /* CHANGELOG.md in Resources */ = {isa = PBXBuildFile; fileRef = D528F29E18DEBA5C002C2562 /* CHANGELOG.md */; };
		D528F2B018DEBA5C002C2562 /* JSONKit.m in Sources */ = {isa = PBXBuildFile; fileRef = D528F2A018DEBA5C002C2562 /* JSONKit.m */; settings = {COMPILER_FLAGS = "-fno-objc-arc"; }; };
		D528F2B918DEBACD002C2562 /* ZFBase64JSONRequestOperation.m in Sources */ = {isa = PBXBuildFile; fileRef = D528F2B418DEBACD002C2562 /* ZFBase64JSONRequestOperation.m */; };
		D528F2BA18DEBACD002C2562 /* ZFDynamicHTTPClient.m in Sources */ = {isa = PBXBuildFile; fileRef = D528F2B618DEBACD002C2562 /* ZFDynamicHTTPClient.m */; };
		D528F2BB18DEBACD002C2562 /* ZFHTTPClient.m in Sources */ = {isa = PBXBuildFile; fileRef = D528F2B818DEBACD002C2562 /* ZFHTTPClient.m */; };
		D528F2C418DEE485002C2562 /* TMCache.m in Sources */ = {isa = PBXBuildFile; fileRef = D528F2BF18DEE485002C2562 /* TMCache.m */; };
		D528F2C518DEE485002C2562 /* TMDiskCache.m in Sources */ = {isa = PBXBuildFile; fileRef = D528F2C118DEE485002C2562 /* TMDiskCache.m */; };
		D528F2C618DEE485002C2562 /* TMMemoryCache.m in Sources */ = {isa = PBXBuildFile; fileRef = D528F2C318DEE485002C2562 /* TMMemoryCache.m */; };
		D528F2CA18DEE58D002C2562 /* ZFCache.m in Sources */ = {isa = PBXBuildFile; fileRef = D528F2C918DEE58D002C2562 /* ZFCache.m */; };
		D528F2CD18DEE604002C2562 /* ZFImageCache.m in Sources */ = {isa = PBXBuildFile; fileRef = D528F2CC18DEE604002C2562 /* ZFImageCache.m */; };
		D528F2D018DEE69E002C2562 /* ZFTimedCache.m in Sources */ = {isa = PBXBuildFile; fileRef = D528F2CF18DEE69E002C2562 /* ZFTimedCache.m */; };
		D528F2D318DEE99E002C2562 /* ZFSevenDaysCache.m in Sources */ = {isa = PBXBuildFile; fileRef = D528F2D218DEE99E002C2562 /* ZFSevenDaysCache.m */; };
		D528F2D618DEEA0E002C2562 /* ZFPermanentCache.m in Sources */ = {isa = PBXBuildFile; fileRef = D528F2D518DEEA0E002C2562 /* ZFPermanentCache.m */; };
		D5331FB81906A868009408A8 /* ZFTextField.m in Sources */ = {isa = PBXBuildFile; fileRef = D5331FB71906A868009408A8 /* ZFTextField.m */; };
		D5331FBB1906A91D009408A8 /* ZFAutoLabel.m in Sources */ = {isa = PBXBuildFile; fileRef = D5331FBA1906A91D009408A8 /* ZFAutoLabel.m */; };
		D5331FD01906AD20009408A8 /* UILabel+VerticalAlign.m in Sources */ = {isa = PBXBuildFile; fileRef = D5331FBD1906AD20009408A8 /* UILabel+VerticalAlign.m */; };
		D5331FD11906AD20009408A8 /* NSDictionary+MutableDeepCopy.m in Sources */ = {isa = PBXBuildFile; fileRef = D5331FBF1906AD20009408A8 /* NSDictionary+MutableDeepCopy.m */; };
		D5331FD21906AD20009408A8 /* NSString+ZFramework.m in Sources */ = {isa = PBXBuildFile; fileRef = D5331FC11906AD20009408A8 /* NSString+ZFramework.m */; };
		D5331FD31906AD20009408A8 /* UIAlertView+Blocks.m in Sources */ = {isa = PBXBuildFile; fileRef = D5331FC31906AD20009408A8 /* UIAlertView+Blocks.m */; };
		D5331FDC1906AF82009408A8 /* UIImage+ZFramework.m in Sources */ = {isa = PBXBuildFile; fileRef = D5331FDB1906AF82009408A8 /* UIImage+ZFramework.m */; };
		D53C8D681C71CAC500F75D2F /* KeychainItemWrapper.m in Sources */ = {isa = PBXBuildFile; fileRef = D53C8D671C71CAC500F75D2F /* KeychainItemWrapper.m */; settings = {COMPILER_FLAGS = "-fno-objc-arc"; }; };
		D53C8D6E1C71D48000F75D2F /* ZFDeviceUtil.m in Sources */ = {isa = PBXBuildFile; fileRef = D53C8D6D1C71D48000F75D2F /* ZFDeviceUtil.m */; };
		D55954AA18AB640400C1F920 /* UIScrollView+SVInfiniteScrolling.m in Sources */ = {isa = PBXBuildFile; fileRef = D55954A718AB640400C1F920 /* UIScrollView+SVInfiniteScrolling.m */; };
		D55954AB18AB640400C1F920 /* UIScrollView+SVPullToRefresh.m in Sources */ = {isa = PBXBuildFile; fileRef = D55954A918AB640400C1F920 /* UIScrollView+SVPullToRefresh.m */; };
		D588043118D47431009C1C84 /* UILabel+ZFramework.m in Sources */ = {isa = PBXBuildFile; fileRef = D588043018D47431009C1C84 /* UILabel+ZFramework.m */; };
		D588043B18D47FED009C1C84 /* UIColor+ZFramework.m in Sources */ = {isa = PBXBuildFile; fileRef = D588043A18D47FED009C1C84 /* UIColor+ZFramework.m */; };
		D588043E18D48358009C1C84 /* QuartzCore.framework in Frameworks */ = {isa = PBXBuildFile; fileRef = D588043D18D48358009C1C84 /* QuartzCore.framework */; };
		D588044118D484E7009C1C84 /* ZFViewDeckViewController.m in Sources */ = {isa = PBXBuildFile; fileRef = D588044018D484E7009C1C84 /* ZFViewDeckViewController.m */; };
		D5900FD1188A3CE20090E5EC /* Foundation.framework in Frameworks */ = {isa = PBXBuildFile; fileRef = D5900FD0188A3CE20090E5EC /* Foundation.framework */; };
		D5900FD3188A3CE20090E5EC /* CoreGraphics.framework in Frameworks */ = {isa = PBXBuildFile; fileRef = D5900FD2188A3CE20090E5EC /* CoreGraphics.framework */; };
		D5900FD5188A3CE20090E5EC /* UIKit.framework in Frameworks */ = {isa = PBXBuildFile; fileRef = D5900FD4188A3CE20090E5EC /* UIKit.framework */; };
		D5900FDB188A3CE20090E5EC /* InfoPlist.strings in Resources */ = {isa = PBXBuildFile; fileRef = D5900FD9188A3CE20090E5EC /* InfoPlist.strings */; };
		D5900FDD188A3CE20090E5EC /* main.m in Sources */ = {isa = PBXBuildFile; fileRef = D5900FDC188A3CE20090E5EC /* main.m */; };
		D5900FE1188A3CE20090E5EC /* AppDelegate.m in Sources */ = {isa = PBXBuildFile; fileRef = D5900FE0188A3CE20090E5EC /* AppDelegate.m */; };
		D5900FE3188A3CE20090E5EC /* Images.xcassets in Resources */ = {isa = PBXBuildFile; fileRef = D5900FE2188A3CE20090E5EC /* Images.xcassets */; };
		D5900FEA188A3CE20090E5EC /* XCTest.framework in Frameworks */ = {isa = PBXBuildFile; fileRef = D5900FE9188A3CE20090E5EC /* XCTest.framework */; };
		D5900FEB188A3CE20090E5EC /* Foundation.framework in Frameworks */ = {isa = PBXBuildFile; fileRef = D5900FD0188A3CE20090E5EC /* Foundation.framework */; };
		D5900FEC188A3CE20090E5EC /* UIKit.framework in Frameworks */ = {isa = PBXBuildFile; fileRef = D5900FD4188A3CE20090E5EC /* UIKit.framework */; };
		D5900FF4188A3CE20090E5EC /* InfoPlist.strings in Resources */ = {isa = PBXBuildFile; fileRef = D5900FF2188A3CE20090E5EC /* InfoPlist.strings */; };
		D5900FF6188A3CE20090E5EC /* ZFrameworkTests.m in Sources */ = {isa = PBXBuildFile; fileRef = D5900FF5188A3CE20090E5EC /* ZFrameworkTests.m */; };
		D59041A5188BDE6B004F42FE /* LICENSE in Resources */ = {isa = PBXBuildFile; fileRef = D59041A1188BDE6B004F42FE /* LICENSE */; };
		D59041A6188BDE6B004F42FE /* MBProgressHUD.m in Sources */ = {isa = PBXBuildFile; fileRef = D59041A3188BDE6B004F42FE /* MBProgressHUD.m */; };
		D59041A7188BDE6B004F42FE /* README.mdown in Resources */ = {isa = PBXBuildFile; fileRef = D59041A4188BDE6B004F42FE /* README.mdown */; };
/* End PBXBuildFile section */

/* Begin PBXContainerItemProxy section */
		D5900FED188A3CE20090E5EC /* PBXContainerItemProxy */ = {
			isa = PBXContainerItemProxy;
			containerPortal = D5900FC5188A3CE20090E5EC /* Project object */;
			proxyType = 1;
			remoteGlobalIDString = D5900FCC188A3CE20090E5EC;
			remoteInfo = ZFramework;
		};
/* End PBXContainerItemProxy section */

/* Begin PBXFileReference section */
		D51743AB191E2D5100EEC866 /* ZFJsonModel.h */ = {isa = PBXFileReference; fileEncoding = 4; lastKnownFileType = sourcecode.c.h; path = ZFJsonModel.h; sourceTree = "<group>"; };
		D51743AC191E2D5100EEC866 /* ZFJsonModel.m */ = {isa = PBXFileReference; fileEncoding = 4; lastKnownFileType = sourcecode.c.objc; path = ZFJsonModel.m; sourceTree = "<group>"; };
		D51743AE191E2EDE00EEC866 /* EnumsMacros.h */ = {isa = PBXFileReference; lastKnownFileType = sourcecode.c.h; path = EnumsMacros.h; sourceTree = "<group>"; };
		D525783818D09F4600FA24EC /* check_mark.png */ = {isa = PBXFileReference; lastKnownFileType = image.png; path = check_mark.png; sourceTree = "<group>"; };
		D525783918D09F4600FA24EC /* check_mark@2x.png */ = {isa = PBXFileReference; lastKnownFileType = image.png; path = "check_mark@2x.png"; sourceTree = "<group>"; };
		D525783A18D09F4600FA24EC /* mb_error.png */ = {isa = PBXFileReference; lastKnownFileType = image.png; path = mb_error.png; sourceTree = "<group>"; };
		D525783B18D09F4600FA24EC /* mb_error@2x.png */ = {isa = PBXFileReference; lastKnownFileType = image.png; path = "mb_error@2x.png"; sourceTree = "<group>"; };
		D525783C18D09F4600FA24EC /* mb_warn.png */ = {isa = PBXFileReference; lastKnownFileType = image.png; path = mb_warn.png; sourceTree = "<group>"; };
		D525783D18D09F4600FA24EC /* mb_warn@2x.png */ = {isa = PBXFileReference; lastKnownFileType = image.png; path = "mb_warn@2x.png"; sourceTree = "<group>"; };
		D525784818D0A08D00FA24EC /* NotificationMacro.h */ = {isa = PBXFileReference; lastKnownFileType = sourcecode.c.h; path = NotificationMacro.h; sourceTree = "<group>"; };
		D525784918D0A0BF00FA24EC /* VendorMacro.h */ = {isa = PBXFileReference; lastKnownFileType = sourcecode.c.h; path = VendorMacro.h; sourceTree = "<group>"; };
		D525784D18D0A1DC00FA24EC /* HudUtils.h */ = {isa = PBXFileReference; fileEncoding = 4; lastKnownFileType = sourcecode.c.h; path = HudUtils.h; sourceTree = "<group>"; };
		D525784E18D0A1DC00FA24EC /* HudUtils.m */ = {isa = PBXFileReference; fileEncoding = 4; lastKnownFileType = sourcecode.c.objc; path = HudUtils.m; sourceTree = "<group>"; };
		D525785018D0A23700FA24EC /* ZFTableViewController.h */ = {isa = PBXFileReference; fileEncoding = 4; lastKnownFileType = sourcecode.c.h; path = ZFTableViewController.h; sourceTree = "<group>"; };
		D525785118D0A23700FA24EC /* ZFTableViewController.m */ = {isa = PBXFileReference; fileEncoding = 4; lastKnownFileType = sourcecode.c.objc; path = ZFTableViewController.m; sourceTree = "<group>"; };
		D525785218D0A23700FA24EC /* ZFViewController.h */ = {isa = PBXFileReference; fileEncoding = 4; lastKnownFileType = sourcecode.c.h; path = ZFViewController.h; sourceTree = "<group>"; };
		D525785318D0A23700FA24EC /* ZFViewController.m */ = {isa = PBXFileReference; fileEncoding = 4; lastKnownFileType = sourcecode.c.objc; path = ZFViewController.m; sourceTree = "<group>"; };
		D528F28018DEBA5C002C2562 /* AFDownloadRequestOperation.h */ = {isa = PBXFileReference; fileEncoding = 4; lastKnownFileType = sourcecode.c.h; path = AFDownloadRequestOperation.h; sourceTree = "<group>"; };
		D528F28118DEBA5C002C2562 /* AFDownloadRequestOperation.m */ = {isa = PBXFileReference; fileEncoding = 4; lastKnownFileType = sourcecode.c.objc; path = AFDownloadRequestOperation.m; sourceTree = "<group>"; };
		D528F28218DEBA5C002C2562 /* AFHTTPClient.h */ = {isa = PBXFileReference; fileEncoding = 4; lastKnownFileType = sourcecode.c.h; path = AFHTTPClient.h; sourceTree = "<group>"; };
		D528F28318DEBA5C002C2562 /* AFHTTPClient.m */ = {isa = PBXFileReference; fileEncoding = 4; lastKnownFileType = sourcecode.c.objc; path = AFHTTPClient.m; sourceTree = "<group>"; };
		D528F28418DEBA5C002C2562 /* AFHTTPRequestOperation.h */ = {isa = PBXFileReference; fileEncoding = 4; lastKnownFileType = sourcecode.c.h; path = AFHTTPRequestOperation.h; sourceTree = "<group>"; };
		D528F28518DEBA5C002C2562 /* AFHTTPRequestOperation.m */ = {isa = PBXFileReference; fileEncoding = 4; lastKnownFileType = sourcecode.c.objc; path = AFHTTPRequestOperation.m; sourceTree = "<group>"; };
		D528F28618DEBA5C002C2562 /* AFImageCache.h */ = {isa = PBXFileReference; fileEncoding = 4; lastKnownFileType = sourcecode.c.h; path = AFImageCache.h; sourceTree = "<group>"; };
		D528F28718DEBA5C002C2562 /* AFImageCache.m */ = {isa = PBXFileReference; fileEncoding = 4; lastKnownFileType = sourcecode.c.objc; path = AFImageCache.m; sourceTree = "<group>"; };
		D528F28818DEBA5C002C2562 /* AFImageRequestOperation.h */ = {isa = PBXFileReference; fileEncoding = 4; lastKnownFileType = sourcecode.c.h; path = AFImageRequestOperation.h; sourceTree = "<group>"; };
		D528F28918DEBA5C002C2562 /* AFImageRequestOperation.m */ = {isa = PBXFileReference; fileEncoding = 4; lastKnownFileType = sourcecode.c.objc; path = AFImageRequestOperation.m; sourceTree = "<group>"; };
		D528F28A18DEBA5C002C2562 /* AFJSONRequestOperation.h */ = {isa = PBXFileReference; fileEncoding = 4; lastKnownFileType = sourcecode.c.h; path = AFJSONRequestOperation.h; sourceTree = "<group>"; };
		D528F28B18DEBA5C002C2562 /* AFJSONRequestOperation.m */ = {isa = PBXFileReference; fileEncoding = 4; lastKnownFileType = sourcecode.c.objc; path = AFJSONRequestOperation.m; sourceTree = "<group>"; };
		D528F28C18DEBA5C002C2562 /* AFNetworkActivityIndicatorManager.h */ = {isa = PBXFileReference; fileEncoding = 4; lastKnownFileType = sourcecode.c.h; path = AFNetworkActivityIndicatorManager.h; sourceTree = "<group>"; };
		D528F28D18DEBA5C002C2562 /* AFNetworkActivityIndicatorManager.m */ = {isa = PBXFileReference; fileEncoding = 4; lastKnownFileType = sourcecode.c.objc; path = AFNetworkActivityIndicatorManager.m; sourceTree = "<group>"; };
		D528F28E18DEBA5C002C2562 /* AFNetworking.h */ = {isa = PBXFileReference; fileEncoding = 4; lastKnownFileType = sourcecode.c.h; path = AFNetworking.h; sourceTree = "<group>"; };
		D528F28F18DEBA5C002C2562 /* AFPropertyListRequestOperation.h */ = {isa = PBXFileReference; fileEncoding = 4; lastKnownFileType = sourcecode.c.h; path = AFPropertyListRequestOperation.h; sourceTree = "<group>"; };
		D528F29018DEBA5C002C2562 /* AFPropertyListRequestOperation.m */ = {isa = PBXFileReference; fileEncoding = 4; lastKnownFileType = sourcecode.c.objc; path = AFPropertyListRequestOperation.m; sourceTree = "<group>"; };
		D528F29118DEBA5C002C2562 /* AFURLConnectionOperation.h */ = {isa = PBXFileReference; fileEncoding = 4; lastKnownFileType = sourcecode.c.h; path = AFURLConnectionOperation.h; sourceTree = "<group>"; };
		D528F29218DEBA5C002C2562 /* AFURLConnectionOperation.m */ = {isa = PBXFileReference; fileEncoding = 4; lastKnownFileType = sourcecode.c.objc; path = AFURLConnectionOperation.m; sourceTree = "<group>"; };
		D528F29318DEBA5C002C2562 /* AFXMLRequestOperation.h */ = {isa = PBXFileReference; fileEncoding = 4; lastKnownFileType = sourcecode.c.h; path = AFXMLRequestOperation.h; sourceTree = "<group>"; };
		D528F29418DEBA5C002C2562 /* AFXMLRequestOperation.m */ = {isa = PBXFileReference; fileEncoding = 4; lastKnownFileType = sourcecode.c.objc; path = AFXMLRequestOperation.m; sourceTree = "<group>"; };
		D528F29518DEBA5C002C2562 /* CHANGES */ = {isa = PBXFileReference; fileEncoding = 4; lastKnownFileType = text; path = CHANGES; sourceTree = "<group>"; };
		D528F29618DEBA5C002C2562 /* UIButton+AFNetworking.h */ = {isa = PBXFileReference; fileEncoding = 4; lastKnownFileType = sourcecode.c.h; path = "UIButton+AFNetworking.h"; sourceTree = "<group>"; };
		D528F29718DEBA5C002C2562 /* UIButton+AFNetworking.m */ = {isa = PBXFileReference; fileEncoding = 4; lastKnownFileType = sourcecode.c.objc; path = "UIButton+AFNetworking.m"; sourceTree = "<group>"; };
		D528F29818DEBA5C002C2562 /* UIImageView+AFNetworking.h */ = {isa = PBXFileReference; fileEncoding = 4; lastKnownFileType = sourcecode.c.h; path = "UIImageView+AFNetworking.h"; sourceTree = "<group>"; };
		D528F29918DEBA5C002C2562 /* UIImageView+AFNetworking.m */ = {isa = PBXFileReference; fileEncoding = 4; lastKnownFileType = sourcecode.c.objc; path = "UIImageView+AFNetworking.m"; sourceTree = "<group>"; };
		D528F29B18DEBA5C002C2562 /* Base64.h */ = {isa = PBXFileReference; fileEncoding = 4; lastKnownFileType = sourcecode.c.h; path = Base64.h; sourceTree = "<group>"; };
		D528F29C18DEBA5C002C2562 /* Base64.m */ = {isa = PBXFileReference; fileEncoding = 4; lastKnownFileType = sourcecode.c.objc; path = Base64.m; sourceTree = "<group>"; };
		D528F29E18DEBA5C002C2562 /* CHANGELOG.md */ = {isa = PBXFileReference; fileEncoding = 4; lastKnownFileType = text; path = CHANGELOG.md; sourceTree = "<group>"; };
		D528F29F18DEBA5C002C2562 /* JSONKit.h */ = {isa = PBXFileReference; fileEncoding = 4; lastKnownFileType = sourcecode.c.h; path = JSONKit.h; sourceTree = "<group>"; };
		D528F2A018DEBA5C002C2562 /* JSONKit.m */ = {isa = PBXFileReference; fileEncoding = 4; lastKnownFileType = sourcecode.c.objc; path = JSONKit.m; sourceTree = "<group>"; };
		D528F2B318DEBACD002C2562 /* ZFBase64JSONRequestOperation.h */ = {isa = PBXFileReference; fileEncoding = 4; lastKnownFileType = sourcecode.c.h; path = ZFBase64JSONRequestOperation.h; sourceTree = "<group>"; };
		D528F2B418DEBACD002C2562 /* ZFBase64JSONRequestOperation.m */ = {isa = PBXFileReference; fileEncoding = 4; lastKnownFileType = sourcecode.c.objc; path = ZFBase64JSONRequestOperation.m; sourceTree = "<group>"; };
		D528F2B518DEBACD002C2562 /* ZFDynamicHTTPClient.h */ = {isa = PBXFileReference; fileEncoding = 4; lastKnownFileType = sourcecode.c.h; path = ZFDynamicHTTPClient.h; sourceTree = "<group>"; };
		D528F2B618DEBACD002C2562 /* ZFDynamicHTTPClient.m */ = {isa = PBXFileReference; fileEncoding = 4; lastKnownFileType = sourcecode.c.objc; path = ZFDynamicHTTPClient.m; sourceTree = "<group>"; };
		D528F2B718DEBACD002C2562 /* ZFHTTPClient.h */ = {isa = PBXFileReference; fileEncoding = 4; lastKnownFileType = sourcecode.c.h; path = ZFHTTPClient.h; sourceTree = "<group>"; };
		D528F2B818DEBACD002C2562 /* ZFHTTPClient.m */ = {isa = PBXFileReference; fileEncoding = 4; lastKnownFileType = sourcecode.c.objc; path = ZFHTTPClient.m; sourceTree = "<group>"; };
		D528F2BC18DEBC05002C2562 /* APIMacro.h */ = {isa = PBXFileReference; lastKnownFileType = sourcecode.c.h; path = APIMacro.h; sourceTree = "<group>"; };
		D528F2BE18DEE485002C2562 /* TMCache.h */ = {isa = PBXFileReference; fileEncoding = 4; lastKnownFileType = sourcecode.c.h; path = TMCache.h; sourceTree = "<group>"; };
		D528F2BF18DEE485002C2562 /* TMCache.m */ = {isa = PBXFileReference; fileEncoding = 4; lastKnownFileType = sourcecode.c.objc; path = TMCache.m; sourceTree = "<group>"; };
		D528F2C018DEE485002C2562 /* TMDiskCache.h */ = {isa = PBXFileReference; fileEncoding = 4; lastKnownFileType = sourcecode.c.h; path = TMDiskCache.h; sourceTree = "<group>"; };
		D528F2C118DEE485002C2562 /* TMDiskCache.m */ = {isa = PBXFileReference; fileEncoding = 4; lastKnownFileType = sourcecode.c.objc; path = TMDiskCache.m; sourceTree = "<group>"; };
		D528F2C218DEE485002C2562 /* TMMemoryCache.h */ = {isa = PBXFileReference; fileEncoding = 4; lastKnownFileType = sourcecode.c.h; path = TMMemoryCache.h; sourceTree = "<group>"; };
		D528F2C318DEE485002C2562 /* TMMemoryCache.m */ = {isa = PBXFileReference; fileEncoding = 4; lastKnownFileType = sourcecode.c.objc; path = TMMemoryCache.m; sourceTree = "<group>"; };
		D528F2C818DEE58D002C2562 /* ZFCache.h */ = {isa = PBXFileReference; fileEncoding = 4; lastKnownFileType = sourcecode.c.h; path = ZFCache.h; sourceTree = "<group>"; };
		D528F2C918DEE58D002C2562 /* ZFCache.m */ = {isa = PBXFileReference; fileEncoding = 4; lastKnownFileType = sourcecode.c.objc; path = ZFCache.m; sourceTree = "<group>"; };
		D528F2CB18DEE604002C2562 /* ZFImageCache.h */ = {isa = PBXFileReference; fileEncoding = 4; lastKnownFileType = sourcecode.c.h; path = ZFImageCache.h; sourceTree = "<group>"; };
		D528F2CC18DEE604002C2562 /* ZFImageCache.m */ = {isa = PBXFileReference; fileEncoding = 4; lastKnownFileType = sourcecode.c.objc; path = ZFImageCache.m; sourceTree = "<group>"; };
		D528F2CE18DEE69E002C2562 /* ZFTimedCache.h */ = {isa = PBXFileReference; fileEncoding = 4; lastKnownFileType = sourcecode.c.h; path = ZFTimedCache.h; sourceTree = "<group>"; };
		D528F2CF18DEE69E002C2562 /* ZFTimedCache.m */ = {isa = PBXFileReference; fileEncoding = 4; lastKnownFileType = sourcecode.c.objc; path = ZFTimedCache.m; sourceTree = "<group>"; };
		D528F2D118DEE99E002C2562 /* ZFSevenDaysCache.h */ = {isa = PBXFileReference; fileEncoding = 4; lastKnownFileType = sourcecode.c.h; path = ZFSevenDaysCache.h; sourceTree = "<group>"; };
		D528F2D218DEE99E002C2562 /* ZFSevenDaysCache.m */ = {isa = PBXFileReference; fileEncoding = 4; lastKnownFileType = sourcecode.c.objc; path = ZFSevenDaysCache.m; sourceTree = "<group>"; };
		D528F2D418DEEA0E002C2562 /* ZFPermanentCache.h */ = {isa = PBXFileReference; fileEncoding = 4; lastKnownFileType = sourcecode.c.h; path = ZFPermanentCache.h; sourceTree = "<group>"; };
		D528F2D518DEEA0E002C2562 /* ZFPermanentCache.m */ = {isa = PBXFileReference; fileEncoding = 4; lastKnownFileType = sourcecode.c.objc; path = ZFPermanentCache.m; sourceTree = "<group>"; };
		D5331FB61906A868009408A8 /* ZFTextField.h */ = {isa = PBXFileReference; fileEncoding = 4; lastKnownFileType = sourcecode.c.h; path = ZFTextField.h; sourceTree = "<group>"; };
		D5331FB71906A868009408A8 /* ZFTextField.m */ = {isa = PBXFileReference; fileEncoding = 4; lastKnownFileType = sourcecode.c.objc; path = ZFTextField.m; sourceTree = "<group>"; };
		D5331FB91906A91D009408A8 /* ZFAutoLabel.h */ = {isa = PBXFileReference; fileEncoding = 4; lastKnownFileType = sourcecode.c.h; path = ZFAutoLabel.h; sourceTree = "<group>"; };
		D5331FBA1906A91D009408A8 /* ZFAutoLabel.m */ = {isa = PBXFileReference; fileEncoding = 4; lastKnownFileType = sourcecode.c.objc; path = ZFAutoLabel.m; sourceTree = "<group>"; };
		D5331FBC1906AD20009408A8 /* UILabel+VerticalAlign.h */ = {isa = PBXFileReference; fileEncoding = 4; lastKnownFileType = sourcecode.c.h; path = "UILabel+VerticalAlign.h"; sourceTree = "<group>"; };
		D5331FBD1906AD20009408A8 /* UILabel+VerticalAlign.m */ = {isa = PBXFileReference; fileEncoding = 4; lastKnownFileType = sourcecode.c.objc; path = "UILabel+VerticalAlign.m"; sourceTree = "<group>"; };
		D5331FBE1906AD20009408A8 /* NSDictionary+MutableDeepCopy.h */ = {isa = PBXFileReference; fileEncoding = 4; lastKnownFileType = sourcecode.c.h; path = "NSDictionary+MutableDeepCopy.h"; sourceTree = "<group>"; };
		D5331FBF1906AD20009408A8 /* NSDictionary+MutableDeepCopy.m */ = {isa = PBXFileReference; fileEncoding = 4; lastKnownFileType = sourcecode.c.objc; path = "NSDictionary+MutableDeepCopy.m"; sourceTree = "<group>"; };
		D5331FC01906AD20009408A8 /* NSString+ZFramework.h */ = {isa = PBXFileReference; fileEncoding = 4; lastKnownFileType = sourcecode.c.h; path = "NSString+ZFramework.h"; sourceTree = "<group>"; };
		D5331FC11906AD20009408A8 /* NSString+ZFramework.m */ = {isa = PBXFileReference; fileEncoding = 4; lastKnownFileType = sourcecode.c.objc; path = "NSString+ZFramework.m"; sourceTree = "<group>"; };
		D5331FC21906AD20009408A8 /* UIAlertView+Blocks.h */ = {isa = PBXFileReference; fileEncoding = 4; lastKnownFileType = sourcecode.c.h; path = "UIAlertView+Blocks.h"; sourceTree = "<group>"; };
		D5331FC31906AD20009408A8 /* UIAlertView+Blocks.m */ = {isa = PBXFileReference; fileEncoding = 4; lastKnownFileType = sourcecode.c.objc; path = "UIAlertView+Blocks.m"; sourceTree = "<group>"; };
		D5331FDA1906AF82009408A8 /* UIImage+ZFramework.h */ = {isa = PBXFileReference; fileEncoding = 4; lastKnownFileType = sourcecode.c.h; path = "UIImage+ZFramework.h"; sourceTree = "<group>"; };
		D5331FDB1906AF82009408A8 /* UIImage+ZFramework.m */ = {isa = PBXFileReference; fileEncoding = 4; lastKnownFileType = sourcecode.c.objc; path = "UIImage+ZFramework.m"; sourceTree = "<group>"; };
		D53C8D661C71CAC500F75D2F /* KeychainItemWrapper.h */ = {isa = PBXFileReference; fileEncoding = 4; lastKnownFileType = sourcecode.c.h; path = KeychainItemWrapper.h; sourceTree = "<group>"; };
		D53C8D671C71CAC500F75D2F /* KeychainItemWrapper.m */ = {isa = PBXFileReference; fileEncoding = 4; lastKnownFileType = sourcecode.c.objc; path = KeychainItemWrapper.m; sourceTree = "<group>"; };
		D53C8D6C1C71D48000F75D2F /* ZFDeviceUtil.h */ = {isa = PBXFileReference; fileEncoding = 4; lastKnownFileType = sourcecode.c.h; path = ZFDeviceUtil.h; sourceTree = "<group>"; };
		D53C8D6D1C71D48000F75D2F /* ZFDeviceUtil.m */ = {isa = PBXFileReference; fileEncoding = 4; lastKnownFileType = sourcecode.c.objc; path = ZFDeviceUtil.m; sourceTree = "<group>"; };
		D53C8D6F1C71D78500F75D2F /* ZFConst.h */ = {isa = PBXFileReference; lastKnownFileType = sourcecode.c.h; path = ZFConst.h; sourceTree = "<group>"; };
		D55954A518AB640400C1F920 /* SVPullToRefresh.h */ = {isa = PBXFileReference; fileEncoding = 4; lastKnownFileType = sourcecode.c.h; path = SVPullToRefresh.h; sourceTree = "<group>"; };
		D55954A618AB640400C1F920 /* UIScrollView+SVInfiniteScrolling.h */ = {isa = PBXFileReference; fileEncoding = 4; lastKnownFileType = sourcecode.c.h; path = "UIScrollView+SVInfiniteScrolling.h"; sourceTree = "<group>"; };
		D55954A718AB640400C1F920 /* UIScrollView+SVInfiniteScrolling.m */ = {isa = PBXFileReference; fileEncoding = 4; lastKnownFileType = sourcecode.c.objc; path = "UIScrollView+SVInfiniteScrolling.m"; sourceTree = "<group>"; };
		D55954A818AB640400C1F920 /* UIScrollView+SVPullToRefresh.h */ = {isa = PBXFileReference; fileEncoding = 4; lastKnownFileType = sourcecode.c.h; path = "UIScrollView+SVPullToRefresh.h"; sourceTree = "<group>"; };
		D55954A918AB640400C1F920 /* UIScrollView+SVPullToRefresh.m */ = {isa = PBXFileReference; fileEncoding = 4; lastKnownFileType = sourcecode.c.objc; path = "UIScrollView+SVPullToRefresh.m"; sourceTree = "<group>"; };
		D588042F18D47431009C1C84 /* UILabel+ZFramework.h */ = {isa = PBXFileReference; fileEncoding = 4; lastKnownFileType = sourcecode.c.h; path = "UILabel+ZFramework.h"; sourceTree = "<group>"; };
		D588043018D47431009C1C84 /* UILabel+ZFramework.m */ = {isa = PBXFileReference; fileEncoding = 4; lastKnownFileType = sourcecode.c.objc; path = "UILabel+ZFramework.m"; sourceTree = "<group>"; };
		D588043918D47FED009C1C84 /* UIColor+ZFramework.h */ = {isa = PBXFileReference; fileEncoding = 4; lastKnownFileType = sourcecode.c.h; path = "UIColor+ZFramework.h"; sourceTree = "<group>"; };
		D588043A18D47FED009C1C84 /* UIColor+ZFramework.m */ = {isa = PBXFileReference; fileEncoding = 4; lastKnownFileType = sourcecode.c.objc; path = "UIColor+ZFramework.m"; sourceTree = "<group>"; };
		D588043C18D4810E009C1C84 /* GeneralHeaders.h */ = {isa = PBXFileReference; lastKnownFileType = sourcecode.c.h; path = GeneralHeaders.h; sourceTree = "<group>"; };
		D588043D18D48358009C1C84 /* QuartzCore.framework */ = {isa = PBXFileReference; lastKnownFileType = wrapper.framework; name = QuartzCore.framework; path = System/Library/Frameworks/QuartzCore.framework; sourceTree = SDKROOT; };
		D588043F18D484E7009C1C84 /* ZFViewDeckViewController.h */ = {isa = PBXFileReference; fileEncoding = 4; lastKnownFileType = sourcecode.c.h; path = ZFViewDeckViewController.h; sourceTree = "<group>"; };
		D588044018D484E7009C1C84 /* ZFViewDeckViewController.m */ = {isa = PBXFileReference; fileEncoding = 4; lastKnownFileType = sourcecode.c.objc; path = ZFViewDeckViewController.m; sourceTree = "<group>"; };
		D5900FCD188A3CE20090E5EC /* ZFramework.app */ = {isa = PBXFileReference; explicitFileType = wrapper.application; includeInIndex = 0; path = ZFramework.app; sourceTree = BUILT_PRODUCTS_DIR; };
		D5900FD0188A3CE20090E5EC /* Foundation.framework */ = {isa = PBXFileReference; lastKnownFileType = wrapper.framework; name = Foundation.framework; path = System/Library/Frameworks/Foundation.framework; sourceTree = SDKROOT; };
		D5900FD2188A3CE20090E5EC /* CoreGraphics.framework */ = {isa = PBXFileReference; lastKnownFileType = wrapper.framework; name = CoreGraphics.framework; path = System/Library/Frameworks/CoreGraphics.framework; sourceTree = SDKROOT; };
		D5900FD4188A3CE20090E5EC /* UIKit.framework */ = {isa = PBXFileReference; lastKnownFileType = wrapper.framework; name = UIKit.framework; path = System/Library/Frameworks/UIKit.framework; sourceTree = SDKROOT; };
		D5900FD8188A3CE20090E5EC /* ZFramework-Info.plist */ = {isa = PBXFileReference; lastKnownFileType = text.plist.xml; path = "ZFramework-Info.plist"; sourceTree = "<group>"; };
		D5900FDA188A3CE20090E5EC /* en */ = {isa = PBXFileReference; lastKnownFileType = text.plist.strings; name = en; path = en.lproj/InfoPlist.strings; sourceTree = "<group>"; };
		D5900FDC188A3CE20090E5EC /* main.m */ = {isa = PBXFileReference; lastKnownFileType = sourcecode.c.objc; path = main.m; sourceTree = "<group>"; };
		D5900FDE188A3CE20090E5EC /* ZFramework-Prefix.pch */ = {isa = PBXFileReference; lastKnownFileType = sourcecode.c.h; path = "ZFramework-Prefix.pch"; sourceTree = "<group>"; };
		D5900FDF188A3CE20090E5EC /* AppDelegate.h */ = {isa = PBXFileReference; lastKnownFileType = sourcecode.c.h; path = AppDelegate.h; sourceTree = "<group>"; };
		D5900FE0188A3CE20090E5EC /* AppDelegate.m */ = {isa = PBXFileReference; lastKnownFileType = sourcecode.c.objc; path = AppDelegate.m; sourceTree = "<group>"; };
		D5900FE2188A3CE20090E5EC /* Images.xcassets */ = {isa = PBXFileReference; lastKnownFileType = folder.assetcatalog; path = Images.xcassets; sourceTree = "<group>"; };
		D5900FE8188A3CE20090E5EC /* ZFrameworkTests.xctest */ = {isa = PBXFileReference; explicitFileType = wrapper.cfbundle; includeInIndex = 0; path = ZFrameworkTests.xctest; sourceTree = BUILT_PRODUCTS_DIR; };
		D5900FE9188A3CE20090E5EC /* XCTest.framework */ = {isa = PBXFileReference; lastKnownFileType = wrapper.framework; name = XCTest.framework; path = Library/Frameworks/XCTest.framework; sourceTree = DEVELOPER_DIR; };
		D5900FF1188A3CE20090E5EC /* ZFrameworkTests-Info.plist */ = {isa = PBXFileReference; lastKnownFileType = text.plist.xml; path = "ZFrameworkTests-Info.plist"; sourceTree = "<group>"; };
		D5900FF3188A3CE20090E5EC /* en */ = {isa = PBXFileReference; lastKnownFileType = text.plist.strings; name = en; path = en.lproj/InfoPlist.strings; sourceTree = "<group>"; };
		D5900FF5188A3CE20090E5EC /* ZFrameworkTests.m */ = {isa = PBXFileReference; lastKnownFileType = sourcecode.c.objc; path = ZFrameworkTests.m; sourceTree = "<group>"; };
		D59041A1188BDE6B004F42FE /* LICENSE */ = {isa = PBXFileReference; fileEncoding = 4; lastKnownFileType = text; path = LICENSE; sourceTree = "<group>"; };
		D59041A2188BDE6B004F42FE /* MBProgressHUD.h */ = {isa = PBXFileReference; fileEncoding = 4; lastKnownFileType = sourcecode.c.h; path = MBProgressHUD.h; sourceTree = "<group>"; };
		D59041A3188BDE6B004F42FE /* MBProgressHUD.m */ = {isa = PBXFileReference; fileEncoding = 4; lastKnownFileType = sourcecode.c.objc; path = MBProgressHUD.m; sourceTree = "<group>"; };
		D59041A4188BDE6B004F42FE /* README.mdown */ = {isa = PBXFileReference; fileEncoding = 4; lastKnownFileType = text; path = README.mdown; sourceTree = "<group>"; };
		D59041AF188BE931004F42FE /* DimensionMacro.h */ = {isa = PBXFileReference; lastKnownFileType = sourcecode.c.h; path = DimensionMacro.h; sourceTree = "<group>"; };
		D59041B0188BE95F004F42FE /* PromptMacro.h */ = {isa = PBXFileReference; lastKnownFileType = sourcecode.c.h; path = PromptMacro.h; sourceTree = "<group>"; };
		D59041B1188BE9DF004F42FE /* Macros.h */ = {isa = PBXFileReference; lastKnownFileType = sourcecode.c.h; path = Macros.h; sourceTree = "<group>"; };
		D59041C1188BF705004F42FE /* UtilMacro.h */ = {isa = PBXFileReference; lastKnownFileType = sourcecode.c.h; path = UtilMacro.h; sourceTree = "<group>"; };
/* End PBXFileReference section */

/* Begin PBXFrameworksBuildPhase section */
		D5900FCA188A3CE20090E5EC /* Frameworks */ = {
			isa = PBXFrameworksBuildPhase;
			buildActionMask = 2147483647;
			files = (
				D588043E18D48358009C1C84 /* QuartzCore.framework in Frameworks */,
				D5900FD3188A3CE20090E5EC /* CoreGraphics.framework in Frameworks */,
				D5900FD5188A3CE20090E5EC /* UIKit.framework in Frameworks */,
				D5900FD1188A3CE20090E5EC /* Foundation.framework in Frameworks */,
			);
			runOnlyForDeploymentPostprocessing = 0;
		};
		D5900FE5188A3CE20090E5EC /* Frameworks */ = {
			isa = PBXFrameworksBuildPhase;
			buildActionMask = 2147483647;
			files = (
				D5900FEA188A3CE20090E5EC /* XCTest.framework in Frameworks */,
				D5900FEC188A3CE20090E5EC /* UIKit.framework in Frameworks */,
				D5900FEB188A3CE20090E5EC /* Foundation.framework in Frameworks */,
			);
			runOnlyForDeploymentPostprocessing = 0;
		};
/* End PBXFrameworksBuildPhase section */

/* Begin PBXGroup section */
		D51743AA191E2D3100EEC866 /* Models */ = {
			isa = PBXGroup;
			children = (
				D51743AB191E2D5100EEC866 /* ZFJsonModel.h */,
				D51743AC191E2D5100EEC866 /* ZFJsonModel.m */,
			);
			path = Models;
			sourceTree = "<group>";
		};
		D525783618D09F4600FA24EC /* Images */ = {
			isa = PBXGroup;
			children = (
				D525783718D09F4600FA24EC /* Prompt */,
			);
			path = Images;
			sourceTree = "<group>";
		};
		D525783718D09F4600FA24EC /* Prompt */ = {
			isa = PBXGroup;
			children = (
				D525783818D09F4600FA24EC /* check_mark.png */,
				D525783918D09F4600FA24EC /* check_mark@2x.png */,
				D525783A18D09F4600FA24EC /* mb_error.png */,
				D525783B18D09F4600FA24EC /* mb_error@2x.png */,
				D525783C18D09F4600FA24EC /* mb_warn.png */,
				D525783D18D09F4600FA24EC /* mb_warn@2x.png */,
			);
			path = Prompt;
			sourceTree = "<group>";
		};
		D525784418D09F6000FA24EC /* General */ = {
			isa = PBXGroup;
			children = (
				D588043C18D4810E009C1C84 /* GeneralHeaders.h */,
				D53C8D651C71CAC500F75D2F /* Storage */,
				D525784A18D0A13800FA24EC /* Categories */,
				D525784B18D0A13800FA24EC /* Classes */,
				D525784C18D0A13800FA24EC /* Views */,
			);
			path = General;
			sourceTree = "<group>";
		};
		D525784518D09F7700FA24EC /* Helpers */ = {
			isa = PBXGroup;
			children = (
				D525784D18D0A1DC00FA24EC /* HudUtils.h */,
				D525784E18D0A1DC00FA24EC /* HudUtils.m */,
				D53C8D6C1C71D48000F75D2F /* ZFDeviceUtil.h */,
				D53C8D6D1C71D48000F75D2F /* ZFDeviceUtil.m */,
			);
			path = Helpers;
			sourceTree = "<group>";
		};
		D525784618D09FB300FA24EC /* Models */ = {
			isa = PBXGroup;
			children = (
			);
			path = Models;
			sourceTree = "<group>";
		};
		D525784718D09FE400FA24EC /* Sections */ = {
			isa = PBXGroup;
			children = (
			);
			path = Sections;
			sourceTree = "<group>";
		};
		D525784A18D0A13800FA24EC /* Categories */ = {
			isa = PBXGroup;
			children = (
				D5331FBC1906AD20009408A8 /* UILabel+VerticalAlign.h */,
				D5331FBD1906AD20009408A8 /* UILabel+VerticalAlign.m */,
				D5331FBE1906AD20009408A8 /* NSDictionary+MutableDeepCopy.h */,
				D5331FBF1906AD20009408A8 /* NSDictionary+MutableDeepCopy.m */,
				D5331FC01906AD20009408A8 /* NSString+ZFramework.h */,
				D5331FC11906AD20009408A8 /* NSString+ZFramework.m */,
				D5331FC21906AD20009408A8 /* UIAlertView+Blocks.h */,
				D5331FC31906AD20009408A8 /* UIAlertView+Blocks.m */,
				D588043918D47FED009C1C84 /* UIColor+ZFramework.h */,
				D588043A18D47FED009C1C84 /* UIColor+ZFramework.m */,
				D588042F18D47431009C1C84 /* UILabel+ZFramework.h */,
				D588043018D47431009C1C84 /* UILabel+ZFramework.m */,
				D5331FDA1906AF82009408A8 /* UIImage+ZFramework.h */,
				D5331FDB1906AF82009408A8 /* UIImage+ZFramework.m */,
			);
			path = Categories;
			sourceTree = "<group>";
		};
		D525784B18D0A13800FA24EC /* Classes */ = {
			isa = PBXGroup;
			children = (
				D528F2C718DEE56F002C2562 /* Cache */,
				D51743AA191E2D3100EEC866 /* Models */,
				D528F2B218DEBACD002C2562 /* Networking */,
				D525785018D0A23700FA24EC /* ZFTableViewController.h */,
				D525785118D0A23700FA24EC /* ZFTableViewController.m */,
				D525785218D0A23700FA24EC /* ZFViewController.h */,
				D525785318D0A23700FA24EC /* ZFViewController.m */,
				D588043F18D484E7009C1C84 /* ZFViewDeckViewController.h */,
				D588044018D484E7009C1C84 /* ZFViewDeckViewController.m */,
			);
			path = Classes;
			sourceTree = "<group>";
		};
		D525784C18D0A13800FA24EC /* Views */ = {
			isa = PBXGroup;
			children = (
				D5331FB61906A868009408A8 /* ZFTextField.h */,
				D5331FB71906A868009408A8 /* ZFTextField.m */,
				D5331FB91906A91D009408A8 /* ZFAutoLabel.h */,
				D5331FBA1906A91D009408A8 /* ZFAutoLabel.m */,
			);
			path = Views;
			sourceTree = "<group>";
		};
		D528F27F18DEBA5C002C2562 /* AFNetworking */ = {
			isa = PBXGroup;
			children = (
				D528F28018DEBA5C002C2562 /* AFDownloadRequestOperation.h */,
				D528F28118DEBA5C002C2562 /* AFDownloadRequestOperation.m */,
				D528F28218DEBA5C002C2562 /* AFHTTPClient.h */,
				D528F28318DEBA5C002C2562 /* AFHTTPClient.m */,
				D528F28418DEBA5C002C2562 /* AFHTTPRequestOperation.h */,
				D528F28518DEBA5C002C2562 /* AFHTTPRequestOperation.m */,
				D528F28618DEBA5C002C2562 /* AFImageCache.h */,
				D528F28718DEBA5C002C2562 /* AFImageCache.m */,
				D528F28818DEBA5C002C2562 /* AFImageRequestOperation.h */,
				D528F28918DEBA5C002C2562 /* AFImageRequestOperation.m */,
				D528F28A18DEBA5C002C2562 /* AFJSONRequestOperation.h */,
				D528F28B18DEBA5C002C2562 /* AFJSONRequestOperation.m */,
				D528F28C18DEBA5C002C2562 /* AFNetworkActivityIndicatorManager.h */,
				D528F28D18DEBA5C002C2562 /* AFNetworkActivityIndicatorManager.m */,
				D528F28E18DEBA5C002C2562 /* AFNetworking.h */,
				D528F28F18DEBA5C002C2562 /* AFPropertyListRequestOperation.h */,
				D528F29018DEBA5C002C2562 /* AFPropertyListRequestOperation.m */,
				D528F29118DEBA5C002C2562 /* AFURLConnectionOperation.h */,
				D528F29218DEBA5C002C2562 /* AFURLConnectionOperation.m */,
				D528F29318DEBA5C002C2562 /* AFXMLRequestOperation.h */,
				D528F29418DEBA5C002C2562 /* AFXMLRequestOperation.m */,
				D528F29518DEBA5C002C2562 /* CHANGES */,
				D528F29618DEBA5C002C2562 /* UIButton+AFNetworking.h */,
				D528F29718DEBA5C002C2562 /* UIButton+AFNetworking.m */,
				D528F29818DEBA5C002C2562 /* UIImageView+AFNetworking.h */,
				D528F29918DEBA5C002C2562 /* UIImageView+AFNetworking.m */,
			);
			name = AFNetworking;
			path = Venders/AFNetworking;
			sourceTree = "<group>";
		};
		D528F29A18DEBA5C002C2562 /* Base64 */ = {
			isa = PBXGroup;
			children = (
				D528F29B18DEBA5C002C2562 /* Base64.h */,
				D528F29C18DEBA5C002C2562 /* Base64.m */,
			);
			name = Base64;
			path = Venders/Base64;
			sourceTree = "<group>";
		};
		D528F29D18DEBA5C002C2562 /* JSONKit */ = {
			isa = PBXGroup;
			children = (
				D528F29E18DEBA5C002C2562 /* CHANGELOG.md */,
				D528F29F18DEBA5C002C2562 /* JSONKit.h */,
				D528F2A018DEBA5C002C2562 /* JSONKit.m */,
			);
			name = JSONKit;
			path = Venders/JSONKit;
			sourceTree = "<group>";
		};
		D528F2B218DEBACD002C2562 /* Networking */ = {
			isa = PBXGroup;
			children = (
				D528F2B318DEBACD002C2562 /* ZFBase64JSONRequestOperation.h */,
				D528F2B418DEBACD002C2562 /* ZFBase64JSONRequestOperation.m */,
				D528F2B518DEBACD002C2562 /* ZFDynamicHTTPClient.h */,
				D528F2B618DEBACD002C2562 /* ZFDynamicHTTPClient.m */,
				D528F2B718DEBACD002C2562 /* ZFHTTPClient.h */,
				D528F2B818DEBACD002C2562 /* ZFHTTPClient.m */,
			);
			path = Networking;
			sourceTree = "<group>";
		};
		D528F2BD18DEE485002C2562 /* TMCache */ = {
			isa = PBXGroup;
			children = (
				D528F2BE18DEE485002C2562 /* TMCache.h */,
				D528F2BF18DEE485002C2562 /* TMCache.m */,
				D528F2C018DEE485002C2562 /* TMDiskCache.h */,
				D528F2C118DEE485002C2562 /* TMDiskCache.m */,
				D528F2C218DEE485002C2562 /* TMMemoryCache.h */,
				D528F2C318DEE485002C2562 /* TMMemoryCache.m */,
			);
			name = TMCache;
			path = Venders/TMCache;
			sourceTree = "<group>";
		};
		D528F2C718DEE56F002C2562 /* Cache */ = {
			isa = PBXGroup;
			children = (
				D528F2C818DEE58D002C2562 /* ZFCache.h */,
				D528F2C918DEE58D002C2562 /* ZFCache.m */,
				D528F2CB18DEE604002C2562 /* ZFImageCache.h */,
				D528F2CC18DEE604002C2562 /* ZFImageCache.m */,
				D528F2CE18DEE69E002C2562 /* ZFTimedCache.h */,
				D528F2CF18DEE69E002C2562 /* ZFTimedCache.m */,
				D528F2D118DEE99E002C2562 /* ZFSevenDaysCache.h */,
				D528F2D218DEE99E002C2562 /* ZFSevenDaysCache.m */,
				D528F2D418DEEA0E002C2562 /* ZFPermanentCache.h */,
				D528F2D518DEEA0E002C2562 /* ZFPermanentCache.m */,
			);
			path = Cache;
			sourceTree = "<group>";
		};
		D53C8D651C71CAC500F75D2F /* Storage */ = {
			isa = PBXGroup;
			children = (
				D53C8D661C71CAC500F75D2F /* KeychainItemWrapper.h */,
				D53C8D671C71CAC500F75D2F /* KeychainItemWrapper.m */,
			);
			path = Storage;
			sourceTree = "<group>";
		};
		D55954A418AB640400C1F920 /* SVPullToRefresh */ = {
			isa = PBXGroup;
			children = (
				D55954A518AB640400C1F920 /* SVPullToRefresh.h */,
				D55954A618AB640400C1F920 /* UIScrollView+SVInfiniteScrolling.h */,
				D55954A718AB640400C1F920 /* UIScrollView+SVInfiniteScrolling.m */,
				D55954A818AB640400C1F920 /* UIScrollView+SVPullToRefresh.h */,
				D55954A918AB640400C1F920 /* UIScrollView+SVPullToRefresh.m */,
			);
			name = SVPullToRefresh;
			path = Venders/SVPullToRefresh;
			sourceTree = "<group>";
		};
		D5900FC4188A3CE20090E5EC = {
			isa = PBXGroup;
			children = (
				D5900FD6188A3CE20090E5EC /* ZFramework */,
				D5900FEF188A3CE20090E5EC /* ZFrameworkTests */,
				D5900FCF188A3CE20090E5EC /* Frameworks */,
				D59041B2188BEB9C004F42FE /* Resources */,
				D5900FCE188A3CE20090E5EC /* Products */,
			);
			sourceTree = "<group>";
		};
		D5900FCE188A3CE20090E5EC /* Products */ = {
			isa = PBXGroup;
			children = (
				D5900FCD188A3CE20090E5EC /* ZFramework.app */,
				D5900FE8188A3CE20090E5EC /* ZFrameworkTests.xctest */,
			);
			name = Products;
			sourceTree = "<group>";
		};
		D5900FCF188A3CE20090E5EC /* Frameworks */ = {
			isa = PBXGroup;
			children = (
				D588043D18D48358009C1C84 /* QuartzCore.framework */,
				D5900FD0188A3CE20090E5EC /* Foundation.framework */,
				D5900FD2188A3CE20090E5EC /* CoreGraphics.framework */,
				D5900FD4188A3CE20090E5EC /* UIKit.framework */,
				D5900FE9188A3CE20090E5EC /* XCTest.framework */,
			);
			name = Frameworks;
			sourceTree = "<group>";
		};
		D5900FD6188A3CE20090E5EC /* ZFramework */ = {
			isa = PBXGroup;
			children = (
				D525784418D09F6000FA24EC /* General */,
				D525784518D09F7700FA24EC /* Helpers */,
				D59041AD188BE8ED004F42FE /* Macros */,
				D525784618D09FB300FA24EC /* Models */,
				D525784718D09FE400FA24EC /* Sections */,
				D590419E188BDDD7004F42FE /* Vendors */,
				D5900FDF188A3CE20090E5EC /* AppDelegate.h */,
				D5900FE0188A3CE20090E5EC /* AppDelegate.m */,
				D5900FE2188A3CE20090E5EC /* Images.xcassets */,
				D5900FD7188A3CE20090E5EC /* Supporting Files */,
			);
			path = ZFramework;
			sourceTree = "<group>";
		};
		D5900FD7188A3CE20090E5EC /* Supporting Files */ = {
			isa = PBXGroup;
			children = (
				D5900FD8188A3CE20090E5EC /* ZFramework-Info.plist */,
				D5900FD9188A3CE20090E5EC /* InfoPlist.strings */,
				D5900FDC188A3CE20090E5EC /* main.m */,
				D5900FDE188A3CE20090E5EC /* ZFramework-Prefix.pch */,
			);
			name = "Supporting Files";
			sourceTree = "<group>";
		};
		D5900FEF188A3CE20090E5EC /* ZFrameworkTests */ = {
			isa = PBXGroup;
			children = (
				D5900FF5188A3CE20090E5EC /* ZFrameworkTests.m */,
				D5900FF0188A3CE20090E5EC /* Supporting Files */,
			);
			path = ZFrameworkTests;
			sourceTree = "<group>";
		};
		D5900FF0188A3CE20090E5EC /* Supporting Files */ = {
			isa = PBXGroup;
			children = (
				D5900FF1188A3CE20090E5EC /* ZFrameworkTests-Info.plist */,
				D5900FF2188A3CE20090E5EC /* InfoPlist.strings */,
			);
			name = "Supporting Files";
			sourceTree = "<group>";
		};
		D590419E188BDDD7004F42FE /* Vendors */ = {
			isa = PBXGroup;
			children = (
				D528F27F18DEBA5C002C2562 /* AFNetworking */,
				D528F29A18DEBA5C002C2562 /* Base64 */,
				D528F29D18DEBA5C002C2562 /* JSONKit */,
				D59041A0188BDE6B004F42FE /* MBProgressHUD */,
				D55954A418AB640400C1F920 /* SVPullToRefresh */,
				D528F2BD18DEE485002C2562 /* TMCache */,
			);
			name = Vendors;
			sourceTree = "<group>";
		};
		D59041A0188BDE6B004F42FE /* MBProgressHUD */ = {
			isa = PBXGroup;
			children = (
				D59041A1188BDE6B004F42FE /* LICENSE */,
				D59041A2188BDE6B004F42FE /* MBProgressHUD.h */,
				D59041A3188BDE6B004F42FE /* MBProgressHUD.m */,
				D59041A4188BDE6B004F42FE /* README.mdown */,
			);
			name = MBProgressHUD;
			path = Venders/MBProgressHUD;
			sourceTree = "<group>";
		};
		D59041AD188BE8ED004F42FE /* Macros */ = {
			isa = PBXGroup;
			children = (
				D59041AF188BE931004F42FE /* DimensionMacro.h */,
				D59041B1188BE9DF004F42FE /* Macros.h */,
				D525784818D0A08D00FA24EC /* NotificationMacro.h */,
				D59041B0188BE95F004F42FE /* PromptMacro.h */,
				D59041C1188BF705004F42FE /* UtilMacro.h */,
				D525784918D0A0BF00FA24EC /* VendorMacro.h */,
				D528F2BC18DEBC05002C2562 /* APIMacro.h */,
				D51743AE191E2EDE00EEC866 /* EnumsMacros.h */,
				D53C8D6F1C71D78500F75D2F /* ZFConst.h */,
			);
			path = Macros;
			sourceTree = "<group>";
		};
		D59041B2188BEB9C004F42FE /* Resources */ = {
			isa = PBXGroup;
			children = (
				D525783618D09F4600FA24EC /* Images */,
			);
			path = Resources;
			sourceTree = "<group>";
		};
/* End PBXGroup section */

/* Begin PBXNativeTarget section */
		D5900FCC188A3CE20090E5EC /* ZFramework */ = {
			isa = PBXNativeTarget;
			buildConfigurationList = D5900FF9188A3CE20090E5EC /* Build configuration list for PBXNativeTarget "ZFramework" */;
			buildPhases = (
				D5900FC9188A3CE20090E5EC /* Sources */,
				D5900FCA188A3CE20090E5EC /* Frameworks */,
				D5900FCB188A3CE20090E5EC /* Resources */,
			);
			buildRules = (
			);
			dependencies = (
			);
			name = ZFramework;
			productName = ZFramework;
			productReference = D5900FCD188A3CE20090E5EC /* ZFramework.app */;
			productType = "com.apple.product-type.application";
		};
		D5900FE7188A3CE20090E5EC /* ZFrameworkTests */ = {
			isa = PBXNativeTarget;
			buildConfigurationList = D5900FFC188A3CE20090E5EC /* Build configuration list for PBXNativeTarget "ZFrameworkTests" */;
			buildPhases = (
				D5900FE4188A3CE20090E5EC /* Sources */,
				D5900FE5188A3CE20090E5EC /* Frameworks */,
				D5900FE6188A3CE20090E5EC /* Resources */,
			);
			buildRules = (
			);
			dependencies = (
				D5900FEE188A3CE20090E5EC /* PBXTargetDependency */,
			);
			name = ZFrameworkTests;
			productName = ZFrameworkTests;
			productReference = D5900FE8188A3CE20090E5EC /* ZFrameworkTests.xctest */;
			productType = "com.apple.product-type.bundle.unit-test";
		};
/* End PBXNativeTarget section */

/* Begin PBXProject section */
		D5900FC5188A3CE20090E5EC /* Project object */ = {
			isa = PBXProject;
			attributes = {
				LastUpgradeCheck = 0500;
				ORGANIZATIONNAME = GInspire;
				TargetAttributes = {
					D5900FE7188A3CE20090E5EC = {
						TestTargetID = D5900FCC188A3CE20090E5EC;
					};
				};
			};
			buildConfigurationList = D5900FC8188A3CE20090E5EC /* Build configuration list for PBXProject "ZFramework" */;
			compatibilityVersion = "Xcode 3.2";
			developmentRegion = English;
			hasScannedForEncodings = 0;
			knownRegions = (
				en,
			);
			mainGroup = D5900FC4188A3CE20090E5EC;
			productRefGroup = D5900FCE188A3CE20090E5EC /* Products */;
			projectDirPath = "";
			projectRoot = "";
			targets = (
				D5900FCC188A3CE20090E5EC /* ZFramework */,
				D5900FE7188A3CE20090E5EC /* ZFrameworkTests */,
			);
		};
/* End PBXProject section */

/* Begin PBXResourcesBuildPhase section */
		D5900FCB188A3CE20090E5EC /* Resources */ = {
			isa = PBXResourcesBuildPhase;
			buildActionMask = 2147483647;
			files = (
				D525784218D09F4600FA24EC /* mb_warn.png in Resources */,
				D528F2AB18DEBA5C002C2562 /* CHANGES in Resources */,
				D59041A5188BDE6B004F42FE /* LICENSE in Resources */,
				D525783E18D09F4600FA24EC /* check_mark.png in Resources */,
				D59041A7188BDE6B004F42FE /* README.mdown in Resources */,
				D5900FDB188A3CE20090E5EC /* InfoPlist.strings in Resources */,
				D525784118D09F4600FA24EC /* mb_error@2x.png in Resources */,
				D528F2AF18DEBA5C002C2562 /* CHANGELOG.md in Resources */,
				D525784018D09F4600FA24EC /* mb_error.png in Resources */,
				D525783F18D09F4600FA24EC /* check_mark@2x.png in Resources */,
				D5900FE3188A3CE20090E5EC /* Images.xcassets in Resources */,
				D525784318D09F4600FA24EC /* mb_warn@2x.png in Resources */,
			);
			runOnlyForDeploymentPostprocessing = 0;
		};
		D5900FE6188A3CE20090E5EC /* Resources */ = {
			isa = PBXResourcesBuildPhase;
			buildActionMask = 2147483647;
			files = (
				D5900FF4188A3CE20090E5EC /* InfoPlist.strings in Resources */,
			);
			runOnlyForDeploymentPostprocessing = 0;
		};
/* End PBXResourcesBuildPhase section */

/* Begin PBXSourcesBuildPhase section */
		D5900FC9188A3CE20090E5EC /* Sources */ = {
			isa = PBXSourcesBuildPhase;
			buildActionMask = 2147483647;
			files = (
				D528F2AE18DEBA5C002C2562 /* Base64.m in Sources */,
				D5331FBB1906A91D009408A8 /* ZFAutoLabel.m in Sources */,
				D5331FDC1906AF82009408A8 /* UIImage+ZFramework.m in Sources */,
				D528F2A918DEBA5C002C2562 /* AFURLConnectionOperation.m in Sources */,
				D525785418D0A23700FA24EC /* ZFTableViewController.m in Sources */,
				D55954AA18AB640400C1F920 /* UIScrollView+SVInfiniteScrolling.m in Sources */,
				D528F2B918DEBACD002C2562 /* ZFBase64JSONRequestOperation.m in Sources */,
				D5331FB81906A868009408A8 /* ZFTextField.m in Sources */,
				D53C8D681C71CAC500F75D2F /* KeychainItemWrapper.m in Sources */,
				D528F2D618DEEA0E002C2562 /* ZFPermanentCache.m in Sources */,
				D588043118D47431009C1C84 /* UILabel+ZFramework.m in Sources */,
				D528F2A618DEBA5C002C2562 /* AFJSONRequestOperation.m in Sources */,
				D528F2C618DEE485002C2562 /* TMMemoryCache.m in Sources */,
				D5331FD01906AD20009408A8 /* UILabel+VerticalAlign.m in Sources */,
				D528F2AA18DEBA5C002C2562 /* AFXMLRequestOperation.m in Sources */,
				D528F2C518DEE485002C2562 /* TMDiskCache.m in Sources */,
				D528F2A718DEBA5C002C2562 /* AFNetworkActivityIndicatorManager.m in Sources */,
				D528F2CD18DEE604002C2562 /* ZFImageCache.m in Sources */,
				D51743AD191E2D5100EEC866 /* ZFJsonModel.m in Sources */,
				D528F2D018DEE69E002C2562 /* ZFTimedCache.m in Sources */,
				D5331FD31906AD20009408A8 /* UIAlertView+Blocks.m in Sources */,
				D5900FE1188A3CE20090E5EC /* AppDelegate.m in Sources */,
				D5331FD21906AD20009408A8 /* NSString+ZFramework.m in Sources */,
				D528F2A318DEBA5C002C2562 /* AFHTTPRequestOperation.m in Sources */,
				D528F2C418DEE485002C2562 /* TMCache.m in Sources */,
				D55954AB18AB640400C1F920 /* UIScrollView+SVPullToRefresh.m in Sources */,
				D528F2A818DEBA5C002C2562 /* AFPropertyListRequestOperation.m in Sources */,
				D528F2AD18DEBA5C002C2562 /* UIImageView+AFNetworking.m in Sources */,
				D528F2A518DEBA5C002C2562 /* AFImageRequestOperation.m in Sources */,
				D528F2A218DEBA5C002C2562 /* AFHTTPClient.m in Sources */,
				D528F2BB18DEBACD002C2562 /* ZFHTTPClient.m in Sources */,
				D53C8D6E1C71D48000F75D2F /* ZFDeviceUtil.m in Sources */,
				D528F2CA18DEE58D002C2562 /* ZFCache.m in Sources */,
				D525785518D0A23700FA24EC /* ZFViewController.m in Sources */,
				D528F2AC18DEBA5C002C2562 /* UIButton+AFNetworking.m in Sources */,
				D528F2A418DEBA5C002C2562 /* AFImageCache.m in Sources */,
				D588044118D484E7009C1C84 /* ZFViewDeckViewController.m in Sources */,
				D528F2BA18DEBACD002C2562 /* ZFDynamicHTTPClient.m in Sources */,
				D59041A6188BDE6B004F42FE /* MBProgressHUD.m in Sources */,
				D528F2B018DEBA5C002C2562 /* JSONKit.m in Sources */,
				D588043B18D47FED009C1C84 /* UIColor+ZFramework.m in Sources */,
				D528F2D318DEE99E002C2562 /* ZFSevenDaysCache.m in Sources */,
				D528F2A118DEBA5C002C2562 /* AFDownloadRequestOperation.m in Sources */,
				D5900FDD188A3CE20090E5EC /* main.m in Sources */,
				D525784F18D0A1DC00FA24EC /* HudUtils.m in Sources */,
				D5331FD11906AD20009408A8 /* NSDictionary+MutableDeepCopy.m in Sources */,
			);
			runOnlyForDeploymentPostprocessing = 0;
		};
		D5900FE4188A3CE20090E5EC /* Sources */ = {
			isa = PBXSourcesBuildPhase;
			buildActionMask = 2147483647;
			files = (
				D5900FF6188A3CE20090E5EC /* ZFrameworkTests.m in Sources */,
			);
			runOnlyForDeploymentPostprocessing = 0;
		};
/* End PBXSourcesBuildPhase section */

/* Begin PBXTargetDependency section */
		D5900FEE188A3CE20090E5EC /* PBXTargetDependency */ = {
			isa = PBXTargetDependency;
			target = D5900FCC188A3CE20090E5EC /* ZFramework */;
			targetProxy = D5900FED188A3CE20090E5EC /* PBXContainerItemProxy */;
		};
/* End PBXTargetDependency section */

/* Begin PBXVariantGroup section */
		D5900FD9188A3CE20090E5EC /* InfoPlist.strings */ = {
			isa = PBXVariantGroup;
			children = (
				D5900FDA188A3CE20090E5EC /* en */,
			);
			name = InfoPlist.strings;
			sourceTree = "<group>";
		};
		D5900FF2188A3CE20090E5EC /* InfoPlist.strings */ = {
			isa = PBXVariantGroup;
			children = (
				D5900FF3188A3CE20090E5EC /* en */,
			);
			name = InfoPlist.strings;
			sourceTree = "<group>";
		};
/* End PBXVariantGroup section */

/* Begin XCBuildConfiguration section */
		D5900FF7188A3CE20090E5EC /* Debug */ = {
			isa = XCBuildConfiguration;
			buildSettings = {
				ALWAYS_SEARCH_USER_PATHS = NO;
				ARCHS = "$(ARCHS_STANDARD_INCLUDING_64_BIT)";
				CLANG_CXX_LANGUAGE_STANDARD = "gnu++0x";
				CLANG_CXX_LIBRARY = "libc++";
				CLANG_ENABLE_MODULES = YES;
				CLANG_ENABLE_OBJC_ARC = YES;
				CLANG_WARN_BOOL_CONVERSION = YES;
				CLANG_WARN_CONSTANT_CONVERSION = YES;
				CLANG_WARN_DIRECT_OBJC_ISA_USAGE = YES_ERROR;
				CLANG_WARN_EMPTY_BODY = YES;
				CLANG_WARN_ENUM_CONVERSION = YES;
				CLANG_WARN_INT_CONVERSION = YES;
				CLANG_WARN_OBJC_ROOT_CLASS = YES_ERROR;
				CLANG_WARN__DUPLICATE_METHOD_MATCH = YES;
				"CODE_SIGN_IDENTITY[sdk=iphoneos*]" = "iPhone Developer";
				COPY_PHASE_STRIP = NO;
				GCC_C_LANGUAGE_STANDARD = gnu99;
				GCC_DYNAMIC_NO_PIC = NO;
				GCC_OPTIMIZATION_LEVEL = 0;
				GCC_PREPROCESSOR_DEFINITIONS = (
					"DEBUG=1",
					"$(inherited)",
				);
				GCC_SYMBOLS_PRIVATE_EXTERN = NO;
				GCC_WARN_64_TO_32_BIT_CONVERSION = YES;
				GCC_WARN_ABOUT_RETURN_TYPE = YES_ERROR;
				GCC_WARN_UNDECLARED_SELECTOR = YES;
				GCC_WARN_UNINITIALIZED_AUTOS = YES;
				GCC_WARN_UNUSED_FUNCTION = YES;
				GCC_WARN_UNUSED_VARIABLE = YES;
				IPHONEOS_DEPLOYMENT_TARGET = 7.0;
				ONLY_ACTIVE_ARCH = YES;
				SDKROOT = iphoneos;
			};
			name = Debug;
		};
		D5900FF8188A3CE20090E5EC /* Release */ = {
			isa = XCBuildConfiguration;
			buildSettings = {
				ALWAYS_SEARCH_USER_PATHS = NO;
				ARCHS = "$(ARCHS_STANDARD_INCLUDING_64_BIT)";
				CLANG_CXX_LANGUAGE_STANDARD = "gnu++0x";
				CLANG_CXX_LIBRARY = "libc++";
				CLANG_ENABLE_MODULES = YES;
				CLANG_ENABLE_OBJC_ARC = YES;
				CLANG_WARN_BOOL_CONVERSION = YES;
				CLANG_WARN_CONSTANT_CONVERSION = YES;
				CLANG_WARN_DIRECT_OBJC_ISA_USAGE = YES_ERROR;
				CLANG_WARN_EMPTY_BODY = YES;
				CLANG_WARN_ENUM_CONVERSION = YES;
				CLANG_WARN_INT_CONVERSION = YES;
				CLANG_WARN_OBJC_ROOT_CLASS = YES_ERROR;
				CLANG_WARN__DUPLICATE_METHOD_MATCH = YES;
				"CODE_SIGN_IDENTITY[sdk=iphoneos*]" = "iPhone Developer";
				COPY_PHASE_STRIP = YES;
				ENABLE_NS_ASSERTIONS = NO;
				GCC_C_LANGUAGE_STANDARD = gnu99;
				GCC_WARN_64_TO_32_BIT_CONVERSION = YES;
				GCC_WARN_ABOUT_RETURN_TYPE = YES_ERROR;
				GCC_WARN_UNDECLARED_SELECTOR = YES;
				GCC_WARN_UNINITIALIZED_AUTOS = YES;
				GCC_WARN_UNUSED_FUNCTION = YES;
				GCC_WARN_UNUSED_VARIABLE = YES;
				IPHONEOS_DEPLOYMENT_TARGET = 7.0;
				SDKROOT = iphoneos;
				VALIDATE_PRODUCT = YES;
			};
			name = Release;
		};
		D5900FFA188A3CE20090E5EC /* Debug */ = {
			isa = XCBuildConfiguration;
			buildSettings = {
				ASSETCATALOG_COMPILER_APPICON_NAME = AppIcon;
				ASSETCATALOG_COMPILER_LAUNCHIMAGE_NAME = LaunchImage;
				GCC_PRECOMPILE_PREFIX_HEADER = YES;
				GCC_PREFIX_HEADER = "ZFramework/ZFramework-Prefix.pch";
				INFOPLIST_FILE = "ZFramework/ZFramework-Info.plist";
				PRODUCT_NAME = "$(TARGET_NAME)";
				WRAPPER_EXTENSION = app;
			};
			name = Debug;
		};
		D5900FFB188A3CE20090E5EC /* Release */ = {
			isa = XCBuildConfiguration;
			buildSettings = {
				ASSETCATALOG_COMPILER_APPICON_NAME = AppIcon;
				ASSETCATALOG_COMPILER_LAUNCHIMAGE_NAME = LaunchImage;
				GCC_PRECOMPILE_PREFIX_HEADER = YES;
				GCC_PREFIX_HEADER = "ZFramework/ZFramework-Prefix.pch";
				INFOPLIST_FILE = "ZFramework/ZFramework-Info.plist";
				PRODUCT_NAME = "$(TARGET_NAME)";
				WRAPPER_EXTENSION = app;
			};
			name = Release;
		};
		D5900FFD188A3CE20090E5EC /* Debug */ = {
			isa = XCBuildConfiguration;
			buildSettings = {
				ARCHS = "$(ARCHS_STANDARD_INCLUDING_64_BIT)";
				BUNDLE_LOADER = "$(BUILT_PRODUCTS_DIR)/ZFramework.app/ZFramework";
				FRAMEWORK_SEARCH_PATHS = (
					"$(SDKROOT)/Developer/Library/Frameworks",
					"$(inherited)",
					"$(DEVELOPER_FRAMEWORKS_DIR)",
				);
				GCC_PRECOMPILE_PREFIX_HEADER = YES;
				GCC_PREFIX_HEADER = "ZFramework/ZFramework-Prefix.pch";
				GCC_PREPROCESSOR_DEFINITIONS = (
					"DEBUG=1",
					"$(inherited)",
				);
				INFOPLIST_FILE = "ZFrameworkTests/ZFrameworkTests-Info.plist";
				PRODUCT_NAME = "$(TARGET_NAME)";
				TEST_HOST = "$(BUNDLE_LOADER)";
				WRAPPER_EXTENSION = xctest;
			};
			name = Debug;
		};
		D5900FFE188A3CE20090E5EC /* Release */ = {
			isa = XCBuildConfiguration;
			buildSettings = {
				ARCHS = "$(ARCHS_STANDARD_INCLUDING_64_BIT)";
				BUNDLE_LOADER = "$(BUILT_PRODUCTS_DIR)/ZFramework.app/ZFramework";
				FRAMEWORK_SEARCH_PATHS = (
					"$(SDKROOT)/Developer/Library/Frameworks",
					"$(inherited)",
					"$(DEVELOPER_FRAMEWORKS_DIR)",
				);
				GCC_PRECOMPILE_PREFIX_HEADER = YES;
				GCC_PREFIX_HEADER = "ZFramework/ZFramework-Prefix.pch";
				INFOPLIST_FILE = "ZFrameworkTests/ZFrameworkTests-Info.plist";
				PRODUCT_NAME = "$(TARGET_NAME)";
				TEST_HOST = "$(BUNDLE_LOADER)";
				WRAPPER_EXTENSION = xctest;
			};
			name = Release;
		};
/* End XCBuildConfiguration section */

/* Begin XCConfigurationList section */
		D5900FC8188A3CE20090E5EC /* Build configuration list for PBXProject "ZFramework" */ = {
			isa = XCConfigurationList;
			buildConfigurations = (
				D5900FF7188A3CE20090E5EC /* Debug */,
				D5900FF8188A3CE20090E5EC /* Release */,
			);
			defaultConfigurationIsVisible = 0;
			defaultConfigurationName = Release;
		};
		D5900FF9188A3CE20090E5EC /* Build configuration list for PBXNativeTarget "ZFramework" */ = {
			isa = XCConfigurationList;
			buildConfigurations = (
				D5900FFA188A3CE20090E5EC /* Debug */,
				D5900FFB188A3CE20090E5EC /* Release */,
			);
			defaultConfigurationIsVisible = 0;
			defaultConfigurationName = Release;
		};
		D5900FFC188A3CE20090E5EC /* Build configuration list for PBXNativeTarget "ZFrameworkTests" */ = {
			isa = XCConfigurationList;
			buildConfigurations = (
				D5900FFD188A3CE20090E5EC /* Debug */,
				D5900FFE188A3CE20090E5EC /* Release */,
			);
			defaultConfigurationIsVisible = 0;
			defaultConfigurationName = Release;
		};
/* End XCConfigurationList section */
	};
	rootObject = D5900FC5188A3CE20090E5EC /* Project object */;
}
