// !$*UTF8*$!
{
	archiveVersion = 1;
	classes = {
	};
	objectVersion = 46;
	objects = {

/* Begin PBXBuildFile section */
		D5900FD1188A3CE20090E5EC /* Foundation.framework in Frameworks */ = {isa = PBXBuildFile; fileRef = D5900FD0188A3CE20090E5EC /* Foundation.framework */; };
		D5900FD3188A3CE20090E5EC /* CoreGraphics.framework in Frameworks */ = {isa = PBXBuildFile; fileRef = D5900FD2188A3CE20090E5EC /* CoreGraphics.framework */; };
		D5900FD5188A3CE20090E5EC /* UIKit.framework in Frameworks */ = {isa = PBXBuildFile; fileRef = D5900FD4188A3CE20090E5EC /* UIKit.framework */; };
		D5900FDB188A3CE20090E5EC /* InfoPlist.strings in Resources */ = {isa = PBXBuildFile; fileRef = D5900FD9188A3CE20090E5EC /* InfoPlist.strings */; };
		D5900FDD188A3CE20090E5EC /* main.m in Sources */ = {isa = PBXBuildFile; fileRef = D5900FDC188A3CE20090E5EC /* main.m */; };
		D5900FE1188A3CE20090E5EC /* AppDelegate.m in Sources */ = {isa = PBXBuildFile; fileRef = D5900FE0188A3CE20090E5EC /* AppDelegate.m */; };
		D5900FE3188A3CE20090E5EC /* Images.xcassets in Resources */ = {isa = PBXBuildFile; fileRef = D5900FE2188A3CE20090E5EC /* Images.xcassets */; };
		D5900FEA188A3CE20090E5EC /* XCTest.framework in Frameworks */ = {isa = PBXBuildFile; fileRef = D5900FE9188A3CE20090E5EC /* XCTest.framework */; };
		D5900FEB188A3CE20090E5EC /* Foundation.framework in Frameworks */ = {isa = PBXBuildFile; fileRef = D5900FD0188A3CE20090E5EC /* Foundation.framework */; };
		D5900FEC188A3CE20090E5EC /* UIKit.framework in Frameworks */ = {isa = PBXBuildFile; fileRef = D5900FD4188A3CE20090E5EC /* UIKit.framework */; };
		D5900FF4188A3CE20090E5EC /* InfoPlist.strings in Resources */ = {isa = PBXBuildFile; fileRef = D5900FF2188A3CE20090E5EC /* InfoPlist.strings */; };
		D5900FF6188A3CE20090E5EC /* ZFrameworkTests.m in Sources */ = {isa = PBXBuildFile; fileRef = D5900FF5188A3CE20090E5EC /* ZFrameworkTests.m */; };
/* End PBXBuildFile section */

/* Begin PBXContainerItemProxy section */
		D5900FED188A3CE20090E5EC /* PBXContainerItemProxy */ = {
			isa = PBXContainerItemProxy;
			containerPortal = D5900FC5188A3CE20090E5EC /* Project object */;
			proxyType = 1;
			remoteGlobalIDString = D5900FCC188A3CE20090E5EC;
			remoteInfo = ZFramework;
		};
/* End PBXContainerItemProxy section */

/* Begin PBXFileReference section */
		D5900FCD188A3CE20090E5EC /* ZFramework.app */ = {isa = PBXFileReference; explicitFileType = wrapper.application; includeInIndex = 0; path = ZFramework.app; sourceTree = BUILT_PRODUCTS_DIR; };
		D5900FD0188A3CE20090E5EC /* Foundation.framework */ = {isa = PBXFileReference; lastKnownFileType = wrapper.framework; name = Foundation.framework; path = System/Library/Frameworks/Foundation.framework; sourceTree = SDKROOT; };
		D5900FD2188A3CE20090E5EC /* CoreGraphics.framework */ = {isa = PBXFileReference; lastKnownFileType = wrapper.framework; name = CoreGraphics.framework; path = System/Library/Frameworks/CoreGraphics.framework; sourceTree = SDKROOT; };
		D5900FD4188A3CE20090E5EC /* UIKit.framework */ = {isa = PBXFileReference; lastKnownFileType = wrapper.framework; name = UIKit.framework; path = System/Library/Frameworks/UIKit.framework; sourceTree = SDKROOT; };
		D5900FD8188A3CE20090E5EC /* ZFramework-Info.plist */ = {isa = PBXFileReference; lastKnownFileType = text.plist.xml; path = "ZFramework-Info.plist"; sourceTree = "<group>"; };
		D5900FDA188A3CE20090E5EC /* en */ = {isa = PBXFileReference; lastKnownFileType = text.plist.strings; name = en; path = en.lproj/InfoPlist.strings; sourceTree = "<group>"; };
		D5900FDC188A3CE20090E5EC /* main.m */ = {isa = PBXFileReference; lastKnownFileType = sourcecode.c.objc; path = main.m; sourceTree = "<group>"; };
		D5900FDE188A3CE20090E5EC /* ZFramework-Prefix.pch */ = {isa = PBXFileReference; lastKnownFileType = sourcecode.c.h; path = "ZFramework-Prefix.pch"; sourceTree = "<group>"; };
		D5900FDF188A3CE20090E5EC /* AppDelegate.h */ = {isa = PBXFileReference; lastKnownFileType = sourcecode.c.h; path = AppDelegate.h; sourceTree = "<group>"; };
		D5900FE0188A3CE20090E5EC /* AppDelegate.m */ = {isa = PBXFileReference; lastKnownFileType = sourcecode.c.objc; path = AppDelegate.m; sourceTree = "<group>"; };
		D5900FE2188A3CE20090E5EC /* Images.xcassets */ = {isa = PBXFileReference; lastKnownFileType = folder.assetcatalog; path = Images.xcassets; sourceTree = "<group>"; };
		D5900FE8188A3CE20090E5EC /* ZFrameworkTests.xctest */ = {isa = PBXFileReference; explicitFileType = wrapper.cfbundle; includeInIndex = 0; path = ZFrameworkTests.xctest; sourceTree = BUILT_PRODUCTS_DIR; };
		D5900FE9188A3CE20090E5EC /* XCTest.framework */ = {isa = PBXFileReference; lastKnownFileType = wrapper.framework; name = XCTest.framework; path = Library/Frameworks/XCTest.framework; sourceTree = DEVELOPER_DIR; };
		D5900FF1188A3CE20090E5EC /* ZFrameworkTests-Info.plist */ = {isa = PBXFileReference; lastKnownFileType = text.plist.xml; path = "ZFrameworkTests-Info.plist"; sourceTree = "<group>"; };
		D5900FF3188A3CE20090E5EC /* en */ = {isa = PBXFileReference; lastKnownFileType = text.plist.strings; name = en; path = en.lproj/InfoPlist.strings; sourceTree = "<group>"; };
		D5900FF5188A3CE20090E5EC /* ZFrameworkTests.m */ = {isa = PBXFileReference; lastKnownFileType = sourcecode.c.objc; path = ZFrameworkTests.m; sourceTree = "<group>"; };
/* End PBXFileReference section */

/* Begin PBXFrameworksBuildPhase section */
		D5900FCA188A3CE20090E5EC /* Frameworks */ = {
			isa = PBXFrameworksBuildPhase;
			buildActionMask = 2147483647;
			files = (
				D5900FD3188A3CE20090E5EC /* CoreGraphics.framework in Frameworks */,
				D5900FD5188A3CE20090E5EC /* UIKit.framework in Frameworks */,
				D5900FD1188A3CE20090E5EC /* Foundation.framework in Frameworks */,
			);
			runOnlyForDeploymentPostprocessing = 0;
		};
		D5900FE5188A3CE20090E5EC /* Frameworks */ = {
			isa = PBXFrameworksBuildPhase;
			buildActionMask = 2147483647;
			files = (
				D5900FEA188A3CE20090E5EC /* XCTest.framework in Frameworks */,
				D5900FEC188A3CE20090E5EC /* UIKit.framework in Frameworks */,
				D5900FEB188A3CE20090E5EC /* Foundation.framework in Frameworks */,
			);
			runOnlyForDeploymentPostprocessing = 0;
		};
/* End PBXFrameworksBuildPhase section */

/* Begin PBXGroup section */
		D5900FC4188A3CE20090E5EC = {
			isa = PBXGroup;
			children = (
				D5900FD6188A3CE20090E5EC /* ZFramework */,
				D5900FEF188A3CE20090E5EC /* ZFrameworkTests */,
				D5900FCF188A3CE20090E5EC /* Frameworks */,
				D5900FCE188A3CE20090E5EC /* Products */,
			);
			sourceTree = "<group>";
		};
		D5900FCE188A3CE20090E5EC /* Products */ = {
			isa = PBXGroup;
			children = (
				D5900FCD188A3CE20090E5EC /* ZFramework.app */,
				D5900FE8188A3CE20090E5EC /* ZFrameworkTests.xctest */,
			);
			name = Products;
			sourceTree = "<group>";
		};
		D5900FCF188A3CE20090E5EC /* Frameworks */ = {
			isa = PBXGroup;
			children = (
				D5900FD0188A3CE20090E5EC /* Foundation.framework */,
				D5900FD2188A3CE20090E5EC /* CoreGraphics.framework */,
				D5900FD4188A3CE20090E5EC /* UIKit.framework */,
				D5900FE9188A3CE20090E5EC /* XCTest.framework */,
			);
			name = Frameworks;
			sourceTree = "<group>";
		};
		D5900FD6188A3CE20090E5EC /* ZFramework */ = {
			isa = PBXGroup;
			children = (
				D5900FDF188A3CE20090E5EC /* AppDelegate.h */,
				D5900FE0188A3CE20090E5EC /* AppDelegate.m */,
				D5900FE2188A3CE20090E5EC /* Images.xcassets */,
				D5900FD7188A3CE20090E5EC /* Supporting Files */,
			);
			path = ZFramework;
			sourceTree = "<group>";
		};
		D5900FD7188A3CE20090E5EC /* Supporting Files */ = {
			isa = PBXGroup;
			children = (
				D5900FD8188A3CE20090E5EC /* ZFramework-Info.plist */,
				D5900FD9188A3CE20090E5EC /* InfoPlist.strings */,
				D5900FDC188A3CE20090E5EC /* main.m */,
				D5900FDE188A3CE20090E5EC /* ZFramework-Prefix.pch */,
			);
			name = "Supporting Files";
			sourceTree = "<group>";
		};
		D5900FEF188A3CE20090E5EC /* ZFrameworkTests */ = {
			isa = PBXGroup;
			children = (
				D5900FF5188A3CE20090E5EC /* ZFrameworkTests.m */,
				D5900FF0188A3CE20090E5EC /* Supporting Files */,
			);
			path = ZFrameworkTests;
			sourceTree = "<group>";
		};
		D5900FF0188A3CE20090E5EC /* Supporting Files */ = {
			isa = PBXGroup;
			children = (
				D5900FF1188A3CE20090E5EC /* ZFrameworkTests-Info.plist */,
				D5900FF2188A3CE20090E5EC /* InfoPlist.strings */,
			);
			name = "Supporting Files";
			sourceTree = "<group>";
		};
/* End PBXGroup section */

/* Begin PBXNativeTarget section */
		D5900FCC188A3CE20090E5EC /* ZFramework */ = {
			isa = PBXNativeTarget;
			buildConfigurationList = D5900FF9188A3CE20090E5EC /* Build configuration list for PBXNativeTarget "ZFramework" */;
			buildPhases = (
				D5900FC9188A3CE20090E5EC /* Sources */,
				D5900FCA188A3CE20090E5EC /* Frameworks */,
				D5900FCB188A3CE20090E5EC /* Resources */,
			);
			buildRules = (
			);
			dependencies = (
			);
			name = ZFramework;
			productName = ZFramework;
			productReference = D5900FCD188A3CE20090E5EC /* ZFramework.app */;
			productType = "com.apple.product-type.application";
		};
		D5900FE7188A3CE20090E5EC /* ZFrameworkTests */ = {
			isa = PBXNativeTarget;
			buildConfigurationList = D5900FFC188A3CE20090E5EC /* Build configuration list for PBXNativeTarget "ZFrameworkTests" */;
			buildPhases = (
				D5900FE4188A3CE20090E5EC /* Sources */,
				D5900FE5188A3CE20090E5EC /* Frameworks */,
				D5900FE6188A3CE20090E5EC /* Resources */,
			);
			buildRules = (
			);
			dependencies = (
				D5900FEE188A3CE20090E5EC /* PBXTargetDependency */,
			);
			name = ZFrameworkTests;
			productName = ZFrameworkTests;
			productReference = D5900FE8188A3CE20090E5EC /* ZFrameworkTests.xctest */;
			productType = "com.apple.product-type.bundle.unit-test";
		};
/* End PBXNativeTarget section */

/* Begin PBXProject section */
		D5900FC5188A3CE20090E5EC /* Project object */ = {
			isa = PBXProject;
			attributes = {
				LastUpgradeCheck = 0500;
				ORGANIZATIONNAME = GInspire;
				TargetAttributes = {
					D5900FE7188A3CE20090E5EC = {
						TestTargetID = D5900FCC188A3CE20090E5EC;
					};
				};
			};
			buildConfigurationList = D5900FC8188A3CE20090E5EC /* Build configuration list for PBXProject "ZFramework" */;
			compatibilityVersion = "Xcode 3.2";
			developmentRegion = English;
			hasScannedForEncodings = 0;
			knownRegions = (
				en,
			);
			mainGroup = D5900FC4188A3CE20090E5EC;
			productRefGroup = D5900FCE188A3CE20090E5EC /* Products */;
			projectDirPath = "";
			projectRoot = "";
			targets = (
				D5900FCC188A3CE20090E5EC /* ZFramework */,
				D5900FE7188A3CE20090E5EC /* ZFrameworkTests */,
			);
		};
/* End PBXProject section */

/* Begin PBXResourcesBuildPhase section */
		D5900FCB188A3CE20090E5EC /* Resources */ = {
			isa = PBXResourcesBuildPhase;
			buildActionMask = 2147483647;
			files = (
				D5900FDB188A3CE20090E5EC /* InfoPlist.strings in Resources */,
				D5900FE3188A3CE20090E5EC /* Images.xcassets in Resources */,
			);
			runOnlyForDeploymentPostprocessing = 0;
		};
		D5900FE6188A3CE20090E5EC /* Resources */ = {
			isa = PBXResourcesBuildPhase;
			buildActionMask = 2147483647;
			files = (
				D5900FF4188A3CE20090E5EC /* InfoPlist.strings in Resources */,
			);
			runOnlyForDeploymentPostprocessing = 0;
		};
/* End PBXResourcesBuildPhase section */

/* Begin PBXSourcesBuildPhase section */
		D5900FC9188A3CE20090E5EC /* Sources */ = {
			isa = PBXSourcesBuildPhase;
			buildActionMask = 2147483647;
			files = (
				D5900FE1188A3CE20090E5EC /* AppDelegate.m in Sources */,
				D5900FDD188A3CE20090E5EC /* main.m in Sources */,
			);
			runOnlyForDeploymentPostprocessing = 0;
		};
		D5900FE4188A3CE20090E5EC /* Sources */ = {
			isa = PBXSourcesBuildPhase;
			buildActionMask = 2147483647;
			files = (
				D5900FF6188A3CE20090E5EC /* ZFrameworkTests.m in Sources */,
			);
			runOnlyForDeploymentPostprocessing = 0;
		};
/* End PBXSourcesBuildPhase section */

/* Begin PBXTargetDependency section */
		D5900FEE188A3CE20090E5EC /* PBXTargetDependency */ = {
			isa = PBXTargetDependency;
			target = D5900FCC188A3CE20090E5EC /* ZFramework */;
			targetProxy = D5900FED188A3CE20090E5EC /* PBXContainerItemProxy */;
		};
/* End PBXTargetDependency section */

/* Begin PBXVariantGroup section */
		D5900FD9188A3CE20090E5EC /* InfoPlist.strings */ = {
			isa = PBXVariantGroup;
			children = (
				D5900FDA188A3CE20090E5EC /* en */,
			);
			name = InfoPlist.strings;
			sourceTree = "<group>";
		};
		D5900FF2188A3CE20090E5EC /* InfoPlist.strings */ = {
			isa = PBXVariantGroup;
			children = (
				D5900FF3188A3CE20090E5EC /* en */,
			);
			name = InfoPlist.strings;
			sourceTree = "<group>";
		};
/* End PBXVariantGroup section */

/* Begin XCBuildConfiguration section */
		D5900FF7188A3CE20090E5EC /* Debug */ = {
			isa = XCBuildConfiguration;
			buildSettings = {
				ALWAYS_SEARCH_USER_PATHS = NO;
				ARCHS = "$(ARCHS_STANDARD_INCLUDING_64_BIT)";
				CLANG_CXX_LANGUAGE_STANDARD = "gnu++0x";
				CLANG_CXX_LIBRARY = "libc++";
				CLANG_ENABLE_MODULES = YES;
				CLANG_ENABLE_OBJC_ARC = YES;
				CLANG_WARN_BOOL_CONVERSION = YES;
				CLANG_WARN_CONSTANT_CONVERSION = YES;
				CLANG_WARN_DIRECT_OBJC_ISA_USAGE = YES_ERROR;
				CLANG_WARN_EMPTY_BODY = YES;
				CLANG_WARN_ENUM_CONVERSION = YES;
				CLANG_WARN_INT_CONVERSION = YES;
				CLANG_WARN_OBJC_ROOT_CLASS = YES_ERROR;
				CLANG_WARN__DUPLICATE_METHOD_MATCH = YES;
				"CODE_SIGN_IDENTITY[sdk=iphoneos*]" = "iPhone Developer";
				COPY_PHASE_STRIP = NO;
				GCC_C_LANGUAGE_STANDARD = gnu99;
				GCC_DYNAMIC_NO_PIC = NO;
				GCC_OPTIMIZATION_LEVEL = 0;
				GCC_PREPROCESSOR_DEFINITIONS = (
					"DEBUG=1",
					"$(inherited)",
				);
				GCC_SYMBOLS_PRIVATE_EXTERN = NO;
				GCC_WARN_64_TO_32_BIT_CONVERSION = YES;
				GCC_WARN_ABOUT_RETURN_TYPE = YES_ERROR;
				GCC_WARN_UNDECLARED_SELECTOR = YES;
				GCC_WARN_UNINITIALIZED_AUTOS = YES;
				GCC_WARN_UNUSED_FUNCTION = YES;
				GCC_WARN_UNUSED_VARIABLE = YES;
				IPHONEOS_DEPLOYMENT_TARGET = 7.0;
				ONLY_ACTIVE_ARCH = YES;
				SDKROOT = iphoneos;
			};
			name = Debug;
		};
		D5900FF8188A3CE20090E5EC /* Release */ = {
			isa = XCBuildConfiguration;
			buildSettings = {
				ALWAYS_SEARCH_USER_PATHS = NO;
				ARCHS = "$(ARCHS_STANDARD_INCLUDING_64_BIT)";
				CLANG_CXX_LANGUAGE_STANDARD = "gnu++0x";
				CLANG_CXX_LIBRARY = "libc++";
				CLANG_ENABLE_MODULES = YES;
				CLANG_ENABLE_OBJC_ARC = YES;
				CLANG_WARN_BOOL_CONVERSION = YES;
				CLANG_WARN_CONSTANT_CONVERSION = YES;
				CLANG_WARN_DIRECT_OBJC_ISA_USAGE = YES_ERROR;
				CLANG_WARN_EMPTY_BODY = YES;
				CLANG_WARN_ENUM_CONVERSION = YES;
				CLANG_WARN_INT_CONVERSION = YES;
				CLANG_WARN_OBJC_ROOT_CLASS = YES_ERROR;
				CLANG_WARN__DUPLICATE_METHOD_MATCH = YES;
				"CODE_SIGN_IDENTITY[sdk=iphoneos*]" = "iPhone Developer";
				COPY_PHASE_STRIP = YES;
				ENABLE_NS_ASSERTIONS = NO;
				GCC_C_LANGUAGE_STANDARD = gnu99;
				GCC_WARN_64_TO_32_BIT_CONVERSION = YES;
				GCC_WARN_ABOUT_RETURN_TYPE = YES_ERROR;
				GCC_WARN_UNDECLARED_SELECTOR = YES;
				GCC_WARN_UNINITIALIZED_AUTOS = YES;
				GCC_WARN_UNUSED_FUNCTION = YES;
				GCC_WARN_UNUSED_VARIABLE = YES;
				IPHONEOS_DEPLOYMENT_TARGET = 7.0;
				SDKROOT = iphoneos;
				VALIDATE_PRODUCT = YES;
			};
			name = Release;
		};
		D5900FFA188A3CE20090E5EC /* Debug */ = {
			isa = XCBuildConfiguration;
			buildSettings = {
				ASSETCATALOG_COMPILER_APPICON_NAME = AppIcon;
				ASSETCATALOG_COMPILER_LAUNCHIMAGE_NAME = LaunchImage;
				GCC_PRECOMPILE_PREFIX_HEADER = YES;
				GCC_PREFIX_HEADER = "ZFramework/ZFramework-Prefix.pch";
				INFOPLIST_FILE = "ZFramework/ZFramework-Info.plist";
				PRODUCT_NAME = "$(TARGET_NAME)";
				WRAPPER_EXTENSION = app;
			};
			name = Debug;
		};
		D5900FFB188A3CE20090E5EC /* Release */ = {
			isa = XCBuildConfiguration;
			buildSettings = {
				ASSETCATALOG_COMPILER_APPICON_NAME = AppIcon;
				ASSETCATALOG_COMPILER_LAUNCHIMAGE_NAME = LaunchImage;
				GCC_PRECOMPILE_PREFIX_HEADER = YES;
				GCC_PREFIX_HEADER = "ZFramework/ZFramework-Prefix.pch";
				INFOPLIST_FILE = "ZFramework/ZFramework-Info.plist";
				PRODUCT_NAME = "$(TARGET_NAME)";
				WRAPPER_EXTENSION = app;
			};
			name = Release;
		};
		D5900FFD188A3CE20090E5EC /* Debug */ = {
			isa = XCBuildConfiguration;
			buildSettings = {
				ARCHS = "$(ARCHS_STANDARD_INCLUDING_64_BIT)";
				BUNDLE_LOADER = "$(BUILT_PRODUCTS_DIR)/ZFramework.app/ZFramework";
				FRAMEWORK_SEARCH_PATHS = (
					"$(SDKROOT)/Developer/Library/Frameworks",
					"$(inherited)",
					"$(DEVELOPER_FRAMEWORKS_DIR)",
				);
				GCC_PRECOMPILE_PREFIX_HEADER = YES;
				GCC_PREFIX_HEADER = "ZFramework/ZFramework-Prefix.pch";
				GCC_PREPROCESSOR_DEFINITIONS = (
					"DEBUG=1",
					"$(inherited)",
				);
				INFOPLIST_FILE = "ZFrameworkTests/ZFrameworkTests-Info.plist";
				PRODUCT_NAME = "$(TARGET_NAME)";
				TEST_HOST = "$(BUNDLE_LOADER)";
				WRAPPER_EXTENSION = xctest;
			};
			name = Debug;
		};
		D5900FFE188A3CE20090E5EC /* Release */ = {
			isa = XCBuildConfiguration;
			buildSettings = {
				ARCHS = "$(ARCHS_STANDARD_INCLUDING_64_BIT)";
				BUNDLE_LOADER = "$(BUILT_PRODUCTS_DIR)/ZFramework.app/ZFramework";
				FRAMEWORK_SEARCH_PATHS = (
					"$(SDKROOT)/Developer/Library/Frameworks",
					"$(inherited)",
					"$(DEVELOPER_FRAMEWORKS_DIR)",
				);
				GCC_PRECOMPILE_PREFIX_HEADER = YES;
				GCC_PREFIX_HEADER = "ZFramework/ZFramework-Prefix.pch";
				INFOPLIST_FILE = "ZFrameworkTests/ZFrameworkTests-Info.plist";
				PRODUCT_NAME = "$(TARGET_NAME)";
				TEST_HOST = "$(BUNDLE_LOADER)";
				WRAPPER_EXTENSION = xctest;
			};
			name = Release;
		};
/* End XCBuildConfiguration section */

/* Begin XCConfigurationList section */
		D5900FC8188A3CE20090E5EC /* Build configuration list for PBXProject "ZFramework" */ = {
			isa = XCConfigurationList;
			buildConfigurations = (
				D5900FF7188A3CE20090E5EC /* Debug */,
				D5900FF8188A3CE20090E5EC /* Release */,
			);
			defaultConfigurationIsVisible = 0;
			defaultConfigurationName = Release;
		};
		D5900FF9188A3CE20090E5EC /* Build configuration list for PBXNativeTarget "ZFramework" */ = {
			isa = XCConfigurationList;
			buildConfigurations = (
				D5900FFA188A3CE20090E5EC /* Debug */,
				D5900FFB188A3CE20090E5EC /* Release */,
			);
			defaultConfigurationIsVisible = 0;
		};
		D5900FFC188A3CE20090E5EC /* Build configuration list for PBXNativeTarget "ZFrameworkTests" */ = {
			isa = XCConfigurationList;
			buildConfigurations = (
				D5900FFD188A3CE20090E5EC /* Debug */,
				D5900FFE188A3CE20090E5EC /* Release */,
			);
			defaultConfigurationIsVisible = 0;
		};
/* End XCConfigurationList section */
	};
	rootObject = D5900FC5188A3CE20090E5EC /* Project object */;
}
